// !$*UTF8*$!
{
	archiveVersion = 1;
	classes = {
	};
	objectVersion = 56;
	objects = {

/* Begin PBXBuildFile section */
		3709F1E92AFD51D90091DE8D /* main.swift in Sources */ = {isa = PBXBuildFile; fileRef = 3709F1E82AFD51D90091DE8D /* main.swift */; };
		3709F1F12AFD52040091DE8D /* secp256k1 in Frameworks */ = {isa = PBXBuildFile; productRef = 3709F1F02AFD52040091DE8D /* secp256k1 */; };
		3709F1F52AFD52760091DE8D /* b_dhke.swift in Sources */ = {isa = PBXBuildFile; fileRef = 3709F1F22AFD52760091DE8D /* b_dhke.swift */; };
		3709F1F62AFD52760091DE8D /* cashu.swift in Sources */ = {isa = PBXBuildFile; fileRef = 3709F1F32AFD52760091DE8D /* cashu.swift */; };
		3709F1F72AFD52760091DE8D /* Base64FS.swift in Sources */ = {isa = PBXBuildFile; fileRef = 3709F1F42AFD52760091DE8D /* Base64FS.swift */; };
		3783B0EA2B03CB7B0063E3FB /* data.swift in Sources */ = {isa = PBXBuildFile; fileRef = 3783B0E92B03CB7B0063E3FB /* data.swift */; };
/* End PBXBuildFile section */

/* Begin PBXCopyFilesBuildPhase section */
		3709F1E32AFD51D90091DE8D /* CopyFiles */ = {
			isa = PBXCopyFilesBuildPhase;
			buildActionMask = 2147483647;
			dstPath = /usr/share/man/man1/;
			dstSubfolderSpec = 0;
			files = (
			);
			runOnlyForDeploymentPostprocessing = 1;
		};
/* End PBXCopyFilesBuildPhase section */

/* Begin PBXFileReference section */
		3709F1E52AFD51D90091DE8D /* macadamia-cli */ = {isa = PBXFileReference; explicitFileType = "compiled.mach-o.executable"; includeInIndex = 0; path = "macadamia-cli"; sourceTree = BUILT_PRODUCTS_DIR; };
		3709F1E82AFD51D90091DE8D /* main.swift */ = {isa = PBXFileReference; lastKnownFileType = sourcecode.swift; path = main.swift; sourceTree = "<group>"; };
		3709F1F22AFD52760091DE8D /* b_dhke.swift */ = {isa = PBXFileReference; fileEncoding = 4; lastKnownFileType = sourcecode.swift; path = b_dhke.swift; sourceTree = "<group>"; };
		3709F1F32AFD52760091DE8D /* cashu.swift */ = {isa = PBXFileReference; fileEncoding = 4; lastKnownFileType = sourcecode.swift; path = cashu.swift; sourceTree = "<group>"; };
		3709F1F42AFD52760091DE8D /* Base64FS.swift */ = {isa = PBXFileReference; fileEncoding = 4; lastKnownFileType = sourcecode.swift; path = Base64FS.swift; sourceTree = "<group>"; };
		3783B0E92B03CB7B0063E3FB /* data.swift */ = {isa = PBXFileReference; lastKnownFileType = sourcecode.swift; path = data.swift; sourceTree = "<group>"; };
/* End PBXFileReference section */

/* Begin PBXFrameworksBuildPhase section */
		3709F1E22AFD51D90091DE8D /* Frameworks */ = {
			isa = PBXFrameworksBuildPhase;
			buildActionMask = 2147483647;
			files = (
				3709F1F12AFD52040091DE8D /* secp256k1 in Frameworks */,
			);
			runOnlyForDeploymentPostprocessing = 0;
		};
/* End PBXFrameworksBuildPhase section */

/* Begin PBXGroup section */
		3709F1DC2AFD51D90091DE8D = {
			isa = PBXGroup;
			children = (
				3709F1E72AFD51D90091DE8D /* macadamia-cli */,
				3709F1E62AFD51D90091DE8D /* Products */,
			);
			sourceTree = "<group>";
		};
		3709F1E62AFD51D90091DE8D /* Products */ = {
			isa = PBXGroup;
			children = (
				3709F1E52AFD51D90091DE8D /* macadamia-cli */,
			);
			name = Products;
			sourceTree = "<group>";
		};
		3709F1E72AFD51D90091DE8D /* macadamia-cli */ = {
			isa = PBXGroup;
			children = (
				3709F1E82AFD51D90091DE8D /* main.swift */,
				3783B0E82B0276AE0063E3FB /* cashu */,
			);
			path = "macadamia-cli";
			sourceTree = "<group>";
		};
		3783B0E82B0276AE0063E3FB /* cashu */ = {
			isa = PBXGroup;
			children = (
				3709F1F32AFD52760091DE8D /* cashu.swift */,
				3783B0E92B03CB7B0063E3FB /* data.swift */,
				3709F1F22AFD52760091DE8D /* b_dhke.swift */,
				3709F1F42AFD52760091DE8D /* Base64FS.swift */,
			);
			path = cashu;
			sourceTree = "<group>";
		};
/* End PBXGroup section */

/* Begin PBXNativeTarget section */
		3709F1E42AFD51D90091DE8D /* macadamia-cli */ = {
			isa = PBXNativeTarget;
			buildConfigurationList = 3709F1EC2AFD51D90091DE8D /* Build configuration list for PBXNativeTarget "macadamia-cli" */;
			buildPhases = (
				3709F1E12AFD51D90091DE8D /* Sources */,
				3709F1E22AFD51D90091DE8D /* Frameworks */,
				3709F1E32AFD51D90091DE8D /* CopyFiles */,
			);
			buildRules = (
			);
			dependencies = (
			);
			name = "macadamia-cli";
			packageProductDependencies = (
				3709F1F02AFD52040091DE8D /* secp256k1 */,
			);
			productName = "macadamia-cli";
			productReference = 3709F1E52AFD51D90091DE8D /* macadamia-cli */;
			productType = "com.apple.product-type.tool";
		};
/* End PBXNativeTarget section */

/* Begin PBXProject section */
		3709F1DD2AFD51D90091DE8D /* Project object */ = {
			isa = PBXProject;
			attributes = {
				BuildIndependentTargetsInParallel = 1;
				LastSwiftUpdateCheck = 1500;
				LastUpgradeCheck = 1500;
				TargetAttributes = {
					3709F1E42AFD51D90091DE8D = {
						CreatedOnToolsVersion = 15.0.1;
					};
				};
			};
			buildConfigurationList = 3709F1E02AFD51D90091DE8D /* Build configuration list for PBXProject "macadamia-cli" */;
			compatibilityVersion = "Xcode 14.0";
			developmentRegion = en;
			hasScannedForEncodings = 0;
			knownRegions = (
				en,
				Base,
			);
			mainGroup = 3709F1DC2AFD51D90091DE8D;
			packageReferences = (
				3709F1EF2AFD52040091DE8D /* XCRemoteSwiftPackageReference "secp256k1.swift" */,
			);
			productRefGroup = 3709F1E62AFD51D90091DE8D /* Products */;
			projectDirPath = "";
			projectRoot = "";
			targets = (
				3709F1E42AFD51D90091DE8D /* macadamia-cli */,
			);
		};
/* End PBXProject section */

/* Begin PBXSourcesBuildPhase section */
		3709F1E12AFD51D90091DE8D /* Sources */ = {
			isa = PBXSourcesBuildPhase;
			buildActionMask = 2147483647;
			files = (
				3709F1F62AFD52760091DE8D /* cashu.swift in Sources */,
				3709F1F52AFD52760091DE8D /* b_dhke.swift in Sources */,
				3709F1E92AFD51D90091DE8D /* main.swift in Sources */,
				3783B0EA2B03CB7B0063E3FB /* data.swift in Sources */,
				3709F1F72AFD52760091DE8D /* Base64FS.swift in Sources */,
			);
			runOnlyForDeploymentPostprocessing = 0;
		};
/* End PBXSourcesBuildPhase section */

/* Begin XCBuildConfiguration section */
		3709F1EA2AFD51D90091DE8D /* Debug */ = {
			isa = XCBuildConfiguration;
			buildSettings = {
				ALWAYS_SEARCH_USER_PATHS = NO;
				ASSETCATALOG_COMPILER_GENERATE_SWIFT_ASSET_SYMBOL_EXTENSIONS = YES;
				CLANG_ANALYZER_NONNULL = YES;
				CLANG_ANALYZER_NUMBER_OBJECT_CONVERSION = YES_AGGRESSIVE;
				CLANG_CXX_LANGUAGE_STANDARD = "gnu++20";
				CLANG_ENABLE_MODULES = YES;
				CLANG_ENABLE_OBJC_ARC = YES;
				CLANG_ENABLE_OBJC_WEAK = YES;
				CLANG_WARN_BLOCK_CAPTURE_AUTORELEASING = YES;
				CLANG_WARN_BOOL_CONVERSION = YES;
				CLANG_WARN_COMMA = YES;
				CLANG_WARN_CONSTANT_CONVERSION = YES;
				CLANG_WARN_DEPRECATED_OBJC_IMPLEMENTATIONS = YES;
				CLANG_WARN_DIRECT_OBJC_ISA_USAGE = YES_ERROR;
				CLANG_WARN_DOCUMENTATION_COMMENTS = YES;
				CLANG_WARN_EMPTY_BODY = YES;
				CLANG_WARN_ENUM_CONVERSION = YES;
				CLANG_WARN_INFINITE_RECURSION = YES;
				CLANG_WARN_INT_CONVERSION = YES;
				CLANG_WARN_NON_LITERAL_NULL_CONVERSION = YES;
				CLANG_WARN_OBJC_IMPLICIT_RETAIN_SELF = YES;
				CLANG_WARN_OBJC_LITERAL_CONVERSION = YES;
				CLANG_WARN_OBJC_ROOT_CLASS = YES_ERROR;
				CLANG_WARN_QUOTED_INCLUDE_IN_FRAMEWORK_HEADER = YES;
				CLANG_WARN_RANGE_LOOP_ANALYSIS = YES;
				CLANG_WARN_STRICT_PROTOTYPES = YES;
				CLANG_WARN_SUSPICIOUS_MOVE = YES;
				CLANG_WARN_UNGUARDED_AVAILABILITY = YES_AGGRESSIVE;
				CLANG_WARN_UNREACHABLE_CODE = YES;
				CLANG_WARN__DUPLICATE_METHOD_MATCH = YES;
				COPY_PHASE_STRIP = NO;
				DEBUG_INFORMATION_FORMAT = dwarf;
				ENABLE_STRICT_OBJC_MSGSEND = YES;
				ENABLE_TESTABILITY = YES;
				ENABLE_USER_SCRIPT_SANDBOXING = YES;
				GCC_C_LANGUAGE_STANDARD = gnu17;
				GCC_DYNAMIC_NO_PIC = NO;
				GCC_NO_COMMON_BLOCKS = YES;
				GCC_OPTIMIZATION_LEVEL = 0;
				GCC_PREPROCESSOR_DEFINITIONS = (
					"DEBUG=1",
					"$(inherited)",
				);
				GCC_WARN_64_TO_32_BIT_CONVERSION = YES;
				GCC_WARN_ABOUT_RETURN_TYPE = YES_ERROR;
				GCC_WARN_UNDECLARED_SELECTOR = YES;
				GCC_WARN_UNINITIALIZED_AUTOS = YES_AGGRESSIVE;
				GCC_WARN_UNUSED_FUNCTION = YES;
				GCC_WARN_UNUSED_VARIABLE = YES;
				LOCALIZATION_PREFERS_STRING_CATALOGS = YES;
				MACOSX_DEPLOYMENT_TARGET = 14.0;
				MTL_ENABLE_DEBUG_INFO = INCLUDE_SOURCE;
				MTL_FAST_MATH = YES;
				ONLY_ACTIVE_ARCH = YES;
				SDKROOT = macosx;
				SWIFT_ACTIVE_COMPILATION_CONDITIONS = "DEBUG $(inherited)";
				SWIFT_OPTIMIZATION_LEVEL = "-Onone";
			};
			name = Debug;
		};
		3709F1EB2AFD51D90091DE8D /* Release */ = {
			isa = XCBuildConfiguration;
			buildSettings = {
				ALWAYS_SEARCH_USER_PATHS = NO;
				ASSETCATALOG_COMPILER_GENERATE_SWIFT_ASSET_SYMBOL_EXTENSIONS = YES;
				CLANG_ANALYZER_NONNULL = YES;
				CLANG_ANALYZER_NUMBER_OBJECT_CONVERSION = YES_AGGRESSIVE;
				CLANG_CXX_LANGUAGE_STANDARD = "gnu++20";
				CLANG_ENABLE_MODULES = YES;
				CLANG_ENABLE_OBJC_ARC = YES;
				CLANG_ENABLE_OBJC_WEAK = YES;
				CLANG_WARN_BLOCK_CAPTURE_AUTORELEASING = YES;
				CLANG_WARN_BOOL_CONVERSION = YES;
				CLANG_WARN_COMMA = YES;
				CLANG_WARN_CONSTANT_CONVERSION = YES;
				CLANG_WARN_DEPRECATED_OBJC_IMPLEMENTATIONS = YES;
				CLANG_WARN_DIRECT_OBJC_ISA_USAGE = YES_ERROR;
				CLANG_WARN_DOCUMENTATION_COMMENTS = YES;
				CLANG_WARN_EMPTY_BODY = YES;
				CLANG_WARN_ENUM_CONVERSION = YES;
				CLANG_WARN_INFINITE_RECURSION = YES;
				CLANG_WARN_INT_CONVERSION = YES;
				CLANG_WARN_NON_LITERAL_NULL_CONVERSION = YES;
				CLANG_WARN_OBJC_IMPLICIT_RETAIN_SELF = YES;
				CLANG_WARN_OBJC_LITERAL_CONVERSION = YES;
				CLANG_WARN_OBJC_ROOT_CLASS = YES_ERROR;
				CLANG_WARN_QUOTED_INCLUDE_IN_FRAMEWORK_HEADER = YES;
				CLANG_WARN_RANGE_LOOP_ANALYSIS = YES;
				CLANG_WARN_STRICT_PROTOTYPES = YES;
				CLANG_WARN_SUSPICIOUS_MOVE = YES;
				CLANG_WARN_UNGUARDED_AVAILABILITY = YES_AGGRESSIVE;
				CLANG_WARN_UNREACHABLE_CODE = YES;
				CLANG_WARN__DUPLICATE_METHOD_MATCH = YES;
				COPY_PHASE_STRIP = NO;
				DEBUG_INFORMATION_FORMAT = "dwarf-with-dsym";
				ENABLE_NS_ASSERTIONS = NO;
				ENABLE_STRICT_OBJC_MSGSEND = YES;
				ENABLE_USER_SCRIPT_SANDBOXING = YES;
				GCC_C_LANGUAGE_STANDARD = gnu17;
				GCC_NO_COMMON_BLOCKS = YES;
				GCC_WARN_64_TO_32_BIT_CONVERSION = YES;
				GCC_WARN_ABOUT_RETURN_TYPE = YES_ERROR;
				GCC_WARN_UNDECLARED_SELECTOR = YES;
				GCC_WARN_UNINITIALIZED_AUTOS = YES_AGGRESSIVE;
				GCC_WARN_UNUSED_FUNCTION = YES;
				GCC_WARN_UNUSED_VARIABLE = YES;
				LOCALIZATION_PREFERS_STRING_CATALOGS = YES;
				MACOSX_DEPLOYMENT_TARGET = 14.0;
				MTL_ENABLE_DEBUG_INFO = NO;
				MTL_FAST_MATH = YES;
				SDKROOT = macosx;
				SWIFT_COMPILATION_MODE = wholemodule;
			};
			name = Release;
		};
		3709F1ED2AFD51D90091DE8D /* Debug */ = {
			isa = XCBuildConfiguration;
			buildSettings = {
				CODE_SIGN_STYLE = Automatic;
				DEVELOPMENT_TEAM = AN6VRTK6TB;
				ENABLE_HARDENED_RUNTIME = YES;
				PRODUCT_NAME = "$(TARGET_NAME)";
				SWIFT_VERSION = 5.0;
			};
			name = Debug;
		};
		3709F1EE2AFD51D90091DE8D /* Release */ = {
			isa = XCBuildConfiguration;
			buildSettings = {
				CODE_SIGN_STYLE = Automatic;
				DEVELOPMENT_TEAM = AN6VRTK6TB;
				ENABLE_HARDENED_RUNTIME = YES;
				PRODUCT_NAME = "$(TARGET_NAME)";
				SWIFT_VERSION = 5.0;
			};
			name = Release;
		};
/* End XCBuildConfiguration section */

/* Begin XCConfigurationList section */
		3709F1E02AFD51D90091DE8D /* Build configuration list for PBXProject "macadamia-cli" */ = {
			isa = XCConfigurationList;
			buildConfigurations = (
				3709F1EA2AFD51D90091DE8D /* Debug */,
				3709F1EB2AFD51D90091DE8D /* Release */,
			);
			defaultConfigurationIsVisible = 0;
			defaultConfigurationName = Release;
		};
		3709F1EC2AFD51D90091DE8D /* Build configuration list for PBXNativeTarget "macadamia-cli" */ = {
			isa = XCConfigurationList;
			buildConfigurations = (
				3709F1ED2AFD51D90091DE8D /* Debug */,
				3709F1EE2AFD51D90091DE8D /* Release */,
			);
			defaultConfigurationIsVisible = 0;
			defaultConfigurationName = Release;
		};
/* End XCConfigurationList section */

/* Begin XCRemoteSwiftPackageReference section */
		3709F1EF2AFD52040091DE8D /* XCRemoteSwiftPackageReference "secp256k1.swift" */ = {
			isa = XCRemoteSwiftPackageReference;
			repositoryURL = "https://github.com/GigaBitcoin/secp256k1.swift.git";
			requirement = {
				branch = COMBINE;
				kind = branch;
			};
		};
/* End XCRemoteSwiftPackageReference section */

/* Begin XCSwiftPackageProductDependency section */
		3709F1F02AFD52040091DE8D /* secp256k1 */ = {
			isa = XCSwiftPackageProductDependency;
			package = 3709F1EF2AFD52040091DE8D /* XCRemoteSwiftPackageReference "secp256k1.swift" */;
			productName = secp256k1;
		};
/* End XCSwiftPackageProductDependency section */
	};
	rootObject = 3709F1DD2AFD51D90091DE8D /* Project object */;
}
