// !$*UTF8*$!
{
	archiveVersion = 1;
	classes = {
	};
	objectVersion = 70;
	objects = {

/* Begin PBXBuildFile section */
		370A2B332EBFD23800C4A6A5 /* Bolt11 in Frameworks */ = {isa = PBXBuildFile; productRef = 370A2B322EBFD23800C4A6A5 /* Bolt11 */; };
		370A83FF2CB94CCD0039A413 /* .swiftformat in Resources */ = {isa = PBXBuildFile; fileRef = 370A83FE2CB94CCD0039A413 /* .swiftformat */; };
		370A84072CC18AEE0039A413 /* Flow in Frameworks */ = {isa = PBXBuildFile; productRef = 370A84062CC18AEE0039A413 /* Flow */; };
		370F7F552F16AC6400C625C0 /* LNURL-Swift in Frameworks */ = {isa = PBXBuildFile; productRef = 370F7F542F16AC6400C625C0 /* LNURL-Swift */; };
		371AA9132E33EB61006D487F /* CashuSwift in Frameworks */ = {isa = PBXBuildFile; productRef = 371AA9122E33EB61006D487F /* CashuSwift */; };
		3725D4D82CD5001A0037DD08 /* AVKit.framework in Frameworks */ = {isa = PBXBuildFile; fileRef = 3725D4D72CD5001A0037DD08 /* AVKit.framework */; };
		373CE6582EAE6D66000AC589 /* pull_request_template.md in Resources */ = {isa = PBXBuildFile; fileRef = 373CE6572EAE6D54000AC589 /* pull_request_template.md */; };
		376E88432BE5468B0026FF8D /* Popovers in Frameworks */ = {isa = PBXBuildFile; productRef = 376E88422BE5468B0026FF8D /* Popovers */; };
		376F43B22B4FEC0D00E55B0F /* README.md in Resources */ = {isa = PBXBuildFile; fileRef = 376F43B12B4FEC0D00E55B0F /* README.md */; };
		377A1BC82E6D9E3B00BC1BC1 /* Error.swift in Sources */ = {isa = PBXBuildFile; fileRef = 378B20472D09F3FD003FEEBD /* Error.swift */; };
		377D26262E1FDE7800CFB880 /* URUI in Frameworks */ = {isa = PBXBuildFile; productRef = 377D26252E1FDE7800CFB880 /* URUI */; };
		377FFF002BC43B6900DD2635 /* MarkdownUI in Frameworks */ = {isa = PBXBuildFile; productRef = 377FFEFF2BC43B6900DD2635 /* MarkdownUI */; };
		3792122E2B29E7520081F161 /* BigNumber in Frameworks */ = {isa = PBXBuildFile; productRef = 3792122D2B29E7520081F161 /* BigNumber */; };
		379212342B29E7B30081F161 /* BIP39 in Frameworks */ = {isa = PBXBuildFile; productRef = 379212332B29E7B30081F161 /* BIP39 */; };
		37965DDE2E6CBAD600681744 /* BigNumber in Frameworks */ = {isa = PBXBuildFile; productRef = 37965DDD2E6CBAD600681744 /* BigNumber */; };
		37965DE02E6CBAD600681744 /* BIP39 in Frameworks */ = {isa = PBXBuildFile; productRef = 37965DDF2E6CBAD600681744 /* BIP39 */; };
		37965DE12E6CBB2F00681744 /* Messages.framework in Frameworks */ = {isa = PBXBuildFile; fileRef = 37C4CC2F2E5CA4660028E4FE /* Messages.framework */; };
		37A988492EBF9A7C0065FCE6 /* NostrSDK in Frameworks */ = {isa = PBXBuildFile; productRef = 37A988482EBF9A7C0065FCE6 /* NostrSDK */; };
		37C4CC3C2E5CA4670028E4FE /* macadamiaMessages.appex in Embed Foundation Extensions */ = {isa = PBXBuildFile; fileRef = 37C4CC2E2E5CA4660028E4FE /* macadamiaMessages.appex */; settings = {ATTRIBUTES = (RemoveHeadersOnCopy, ); }; };
		37C4CC4B2E5CAAE30028E4FE /* CashuSwift in Frameworks */ = {isa = PBXBuildFile; productRef = 37C4CC4A2E5CAAE30028E4FE /* CashuSwift */; };
		37C4CC8F2E5CB1A90028E4FE /* ContentView.swift in Sources */ = {isa = PBXBuildFile; fileRef = 372034BB2B29E1BC00C4F955 /* ContentView.swift */; };
		37C4CC902E5CB1A90028E4FE /* Error.swift in Sources */ = {isa = PBXBuildFile; fileRef = 378B20472D09F3FD003FEEBD /* Error.swift */; };
		37C4CC912E5CB1A90028E4FE /* AppState.swift in Sources */ = {isa = PBXBuildFile; fileRef = 3793B99D2CFCC8F80077F755 /* AppState.swift */; };
		37C4CC922E5CB1A90028E4FE /* macadamiaApp.swift in Sources */ = {isa = PBXBuildFile; fileRef = 372034B92B29E1BC00C4F955 /* macadamiaApp.swift */; };
		37C4CC932E5CB1A90028E4FE /* TOS.swift in Sources */ = {isa = PBXBuildFile; fileRef = 379ED0402D4580A900D432D0 /* TOS.swift */; };
		37E700132B4C0DD100CB1A58 /* Launch Screen.storyboard in Resources */ = {isa = PBXBuildFile; fileRef = 37E700122B4C0DD100CB1A58 /* Launch Screen.storyboard */; };
/* End PBXBuildFile section */

/* Begin PBXContainerItemProxy section */
		37C4CC3A2E5CA4670028E4FE /* PBXContainerItemProxy */ = {
			isa = PBXContainerItemProxy;
			containerPortal = 372034AE2B29E1BC00C4F955 /* Project object */;
			proxyType = 1;
			remoteGlobalIDString = 37C4CC2D2E5CA4660028E4FE;
			remoteInfo = macadamiaMessages;
		};
		37DC18A52B8669A900F9B37B /* PBXContainerItemProxy */ = {
			isa = PBXContainerItemProxy;
			containerPortal = 372034AE2B29E1BC00C4F955 /* Project object */;
			proxyType = 1;
			remoteGlobalIDString = 372034B52B29E1BC00C4F955;
			remoteInfo = macadamia;
		};
/* End PBXContainerItemProxy section */

/* Begin PBXCopyFilesBuildPhase section */
		37965DE32E6CBB2F00681744 /* Embed Frameworks */ = {
			isa = PBXCopyFilesBuildPhase;
			buildActionMask = 2147483647;
			dstPath = "";
			dstSubfolderSpec = 10;
			files = (
			);
			name = "Embed Frameworks";
			runOnlyForDeploymentPostprocessing = 0;
		};
		37C4CC3D2E5CA4670028E4FE /* Embed Foundation Extensions */ = {
			isa = PBXCopyFilesBuildPhase;
			buildActionMask = 2147483647;
			dstPath = "";
			dstSubfolderSpec = 13;
			files = (
				37C4CC3C2E5CA4670028E4FE /* macadamiaMessages.appex in Embed Foundation Extensions */,
			);
			name = "Embed Foundation Extensions";
			runOnlyForDeploymentPostprocessing = 0;
		};
/* End PBXCopyFilesBuildPhase section */

/* Begin PBXFileReference section */
		370A83FE2CB94CCD0039A413 /* .swiftformat */ = {isa = PBXFileReference; fileEncoding = 4; lastKnownFileType = text; path = .swiftformat; sourceTree = "<group>"; };
		372034B62B29E1BC00C4F955 /* macadamia.app */ = {isa = PBXFileReference; explicitFileType = wrapper.application; includeInIndex = 0; path = macadamia.app; sourceTree = BUILT_PRODUCTS_DIR; };
		372034B92B29E1BC00C4F955 /* macadamiaApp.swift */ = {isa = PBXFileReference; lastKnownFileType = sourcecode.swift; path = macadamiaApp.swift; sourceTree = "<group>"; };
		372034BB2B29E1BC00C4F955 /* ContentView.swift */ = {isa = PBXFileReference; lastKnownFileType = sourcecode.swift; path = ContentView.swift; sourceTree = "<group>"; };
		3725D4D72CD5001A0037DD08 /* AVKit.framework */ = {isa = PBXFileReference; lastKnownFileType = wrapper.framework; name = AVKit.framework; path = System/Library/Frameworks/AVKit.framework; sourceTree = SDKROOT; };
		373CE6572EAE6D54000AC589 /* pull_request_template.md */ = {isa = PBXFileReference; lastKnownFileType = net.daringfireball.markdown; path = pull_request_template.md; sourceTree = "<group>"; };
		376F43B12B4FEC0D00E55B0F /* README.md */ = {isa = PBXFileReference; fileEncoding = 4; lastKnownFileType = net.daringfireball.markdown; path = README.md; sourceTree = "<group>"; };
		378B20472D09F3FD003FEEBD /* Error.swift */ = {isa = PBXFileReference; lastKnownFileType = sourcecode.swift; path = Error.swift; sourceTree = "<group>"; };
		3793B99D2CFCC8F80077F755 /* AppState.swift */ = {isa = PBXFileReference; lastKnownFileType = sourcecode.swift; path = AppState.swift; sourceTree = "<group>"; };
		379A27EE2E3029A800827CC1 /* macadamia.entitlements */ = {isa = PBXFileReference; lastKnownFileType = text.plist.entitlements; path = macadamia.entitlements; sourceTree = "<group>"; };
		379ED0402D4580A900D432D0 /* TOS.swift */ = {isa = PBXFileReference; lastKnownFileType = sourcecode.swift; path = TOS.swift; sourceTree = "<group>"; };
		37C4CC2E2E5CA4660028E4FE /* macadamiaMessages.appex */ = {isa = PBXFileReference; explicitFileType = "wrapper.app-extension"; includeInIndex = 0; path = macadamiaMessages.appex; sourceTree = BUILT_PRODUCTS_DIR; };
		37C4CC2F2E5CA4660028E4FE /* Messages.framework */ = {isa = PBXFileReference; lastKnownFileType = wrapper.framework; name = Messages.framework; path = System/Library/Frameworks/Messages.framework; sourceTree = SDKROOT; };
		37DC18A12B8669A900F9B37B /* macadamiaTests.xctest */ = {isa = PBXFileReference; explicitFileType = wrapper.cfbundle; includeInIndex = 0; path = macadamiaTests.xctest; sourceTree = BUILT_PRODUCTS_DIR; };
		37E700122B4C0DD100CB1A58 /* Launch Screen.storyboard */ = {isa = PBXFileReference; lastKnownFileType = file.storyboard; path = "Launch Screen.storyboard"; sourceTree = "<group>"; };
/* End PBXFileReference section */

/* Begin PBXFileSystemSynchronizedBuildFileExceptionSet section */
		371338542F2FE02800F8C0AB /* PBXFileSystemSynchronizedBuildFileExceptionSet */ = {
			isa = PBXFileSystemSynchronizedBuildFileExceptionSet;
			membershipExceptions = (
				Localizable.xcstrings,
			);
			target = 37C4CC2D2E5CA4660028E4FE /* macadamiaMessages */;
		};
		377A1BC62E6D9E1000BC1BC1 /* PBXFileSystemSynchronizedBuildFileExceptionSet */ = {
			isa = PBXFileSystemSynchronizedBuildFileExceptionSet;
			membershipExceptions = (
				Redeem/LockedTokenBanner.swift,
				Redeem/RedeemView.swift,
			);
			target = 37C4CC2D2E5CA4660028E4FE /* macadamiaMessages */;
		};
		377A1BC72E6D9E1000BC1BC1 /* PBXFileSystemSynchronizedBuildFileExceptionSet */ = {
			isa = PBXFileSystemSynchronizedBuildFileExceptionSet;
			membershipExceptions = (
				ActionButton.swift,
				Alerts.swift,
				Currency.swift,
				MintPicker.swift,
				TokenText.swift,
			);
			target = 37C4CC2D2E5CA4660028E4FE /* macadamiaMessages */;
		};
		377A1BCA2E6D9ED900BC1BC1 /* PBXFileSystemSynchronizedBuildFileExceptionSet */ = {
			isa = PBXFileSystemSynchronizedBuildFileExceptionSet;
			membershipExceptions = (
				Operations/restore.swift,
			);
			target = 37C4CC2D2E5CA4660028E4FE /* macadamiaMessages */;
		};
		37C4CC402E5CA4670028E4FE /* PBXFileSystemSynchronizedBuildFileExceptionSet */ = {
			isa = PBXFileSystemSynchronizedBuildFileExceptionSet;
			membershipExceptions = (
				Info.plist,
			);
			target = 37C4CC2D2E5CA4660028E4FE /* macadamiaMessages */;
		};
/* End PBXFileSystemSynchronizedBuildFileExceptionSet section */

/* Begin PBXFileSystemSynchronizedRootGroup section */
		3713384D2F2FDD3400F8C0AB /* Intents */ = {isa = PBXFileSystemSynchronizedRootGroup; explicitFileTypes = {}; explicitFolders = (); path = Intents; sourceTree = "<group>"; };
		371338502F2FDFE400F8C0AB /* AppAssets */ = {isa = PBXFileSystemSynchronizedRootGroup; exceptions = (371338542F2FE02800F8C0AB /* PBXFileSystemSynchronizedBuildFileExceptionSet */, ); explicitFileTypes = {}; explicitFolders = (); path = AppAssets; sourceTree = "<group>"; };
		3722E9452F39DA7D00F79F2B /* Release Notes */ = {isa = PBXFileSystemSynchronizedRootGroup; explicitFileTypes = {}; explicitFolders = (); path = "Release Notes"; sourceTree = "<group>"; };
		377A1BAA2E6CF53F00BC1BC1 /* macadamiaTests */ = {isa = PBXFileSystemSynchronizedRootGroup; explicitFileTypes = {}; explicitFolders = (); path = macadamiaTests; sourceTree = "<group>"; };
		377A1BAD2E6CF54900BC1BC1 /* Preview Content */ = {isa = PBXFileSystemSynchronizedRootGroup; explicitFileTypes = {}; explicitFolders = (); path = "Preview Content"; sourceTree = "<group>"; };
		3793B9A12D0047140077F755 /* Wallet */ = {isa = PBXFileSystemSynchronizedRootGroup; exceptions = (377A1BC62E6D9E1000BC1BC1 /* PBXFileSystemSynchronizedBuildFileExceptionSet */, ); explicitFileTypes = {}; explicitFolders = (); path = Wallet; sourceTree = "<group>"; };
		3793B9A22D0049AD0077F755 /* Mints */ = {isa = PBXFileSystemSynchronizedRootGroup; explicitFileTypes = {}; explicitFolders = (); path = Mints; sourceTree = "<group>"; };
		3793B9A42D0049F60077F755 /* PersistentModelV1 */ = {isa = PBXFileSystemSynchronizedRootGroup; exceptions = (377A1BCA2E6D9ED900BC1BC1 /* PBXFileSystemSynchronizedBuildFileExceptionSet */, ); explicitFileTypes = {}; explicitFolders = (); path = PersistentModelV1; sourceTree = "<group>"; };
		3793B9A62D004A490077F755 /* Settings */ = {isa = PBXFileSystemSynchronizedRootGroup; explicitFileTypes = {}; explicitFolders = (); path = Settings; sourceTree = "<group>"; };
		3793B9A72D004ADA0077F755 /* Misc */ = {isa = PBXFileSystemSynchronizedRootGroup; exceptions = (377A1BC72E6D9E1000BC1BC1 /* PBXFileSystemSynchronizedBuildFileExceptionSet */, ); explicitFileTypes = {}; explicitFolders = (); path = Misc; sourceTree = "<group>"; };
		37C4CC312E5CA4660028E4FE /* macadamiaMessages */ = {isa = PBXFileSystemSynchronizedRootGroup; exceptions = (37C4CC402E5CA4670028E4FE /* PBXFileSystemSynchronizedBuildFileExceptionSet */, ); explicitFileTypes = {}; explicitFolders = (); path = macadamiaMessages; sourceTree = "<group>"; };
/* End PBXFileSystemSynchronizedRootGroup section */

/* Begin PBXFrameworksBuildPhase section */
		372034B32B29E1BC00C4F955 /* Frameworks */ = {
			isa = PBXFrameworksBuildPhase;
			buildActionMask = 2147483647;
			files = (
				3725D4D82CD5001A0037DD08 /* AVKit.framework in Frameworks */,
				377D26262E1FDE7800CFB880 /* URUI in Frameworks */,
				37A988492EBF9A7C0065FCE6 /* NostrSDK in Frameworks */,
				379212342B29E7B30081F161 /* BIP39 in Frameworks */,
				370F7F552F16AC6400C625C0 /* LNURL-Swift in Frameworks */,
				371AA9132E33EB61006D487F /* CashuSwift in Frameworks */,
				370A2B332EBFD23800C4A6A5 /* Bolt11 in Frameworks */,
				3792122E2B29E7520081F161 /* BigNumber in Frameworks */,
				377FFF002BC43B6900DD2635 /* MarkdownUI in Frameworks */,
				376E88432BE5468B0026FF8D /* Popovers in Frameworks */,
				370A84072CC18AEE0039A413 /* Flow in Frameworks */,
			);
			runOnlyForDeploymentPostprocessing = 0;
		};
		37C4CC2B2E5CA4660028E4FE /* Frameworks */ = {
			isa = PBXFrameworksBuildPhase;
			buildActionMask = 2147483647;
			files = (
				37965DDE2E6CBAD600681744 /* BigNumber in Frameworks */,
				37965DE02E6CBAD600681744 /* BIP39 in Frameworks */,
				37C4CC4B2E5CAAE30028E4FE /* CashuSwift in Frameworks */,
				37965DE12E6CBB2F00681744 /* Messages.framework in Frameworks */,
			);
			runOnlyForDeploymentPostprocessing = 0;
		};
		37DC189E2B8669A900F9B37B /* Frameworks */ = {
			isa = PBXFrameworksBuildPhase;
			buildActionMask = 2147483647;
			files = (
			);
			runOnlyForDeploymentPostprocessing = 0;
		};
/* End PBXFrameworksBuildPhase section */

/* Begin PBXGroup section */
		372034AD2B29E1BC00C4F955 = {
			isa = PBXGroup;
			children = (
				376F43B12B4FEC0D00E55B0F /* README.md */,
				370A83FE2CB94CCD0039A413 /* .swiftformat */,
				373CE6572EAE6D54000AC589 /* pull_request_template.md */,
				372034B82B29E1BC00C4F955 /* macadamia */,
				377A1BAA2E6CF53F00BC1BC1 /* macadamiaTests */,
				3725D4D62CD5001A0037DD08 /* Frameworks */,
				372034B72B29E1BC00C4F955 /* Products */,
			);
			sourceTree = "<group>";
		};
		372034B72B29E1BC00C4F955 /* Products */ = {
			isa = PBXGroup;
			children = (
				372034B62B29E1BC00C4F955 /* macadamia.app */,
				37DC18A12B8669A900F9B37B /* macadamiaTests.xctest */,
				37C4CC2E2E5CA4660028E4FE /* macadamiaMessages.appex */,
			);
			name = Products;
			sourceTree = "<group>";
		};
		372034B82B29E1BC00C4F955 /* macadamia */ = {
			isa = PBXGroup;
			children = (
				3722E9452F39DA7D00F79F2B /* Release Notes */,
				3713384D2F2FDD3400F8C0AB /* Intents */,
				379A27EE2E3029A800827CC1 /* macadamia.entitlements */,
				37E700122B4C0DD100CB1A58 /* Launch Screen.storyboard */,
				372034B92B29E1BC00C4F955 /* macadamiaApp.swift */,
				378B20472D09F3FD003FEEBD /* Error.swift */,
				3793B99D2CFCC8F80077F755 /* AppState.swift */,
				379ED0402D4580A900D432D0 /* TOS.swift */,
				372034BB2B29E1BC00C4F955 /* ContentView.swift */,
				3793B9A12D0047140077F755 /* Wallet */,
				3793B9A22D0049AD0077F755 /* Mints */,
				3793B9A62D004A490077F755 /* Settings */,
				3793B9A72D004ADA0077F755 /* Misc */,
				3793B9A42D0049F60077F755 /* PersistentModelV1 */,
				371338502F2FDFE400F8C0AB /* AppAssets */,
				37C4CC312E5CA4660028E4FE /* macadamiaMessages */,
				377A1BAD2E6CF54900BC1BC1 /* Preview Content */,
			);
			path = macadamia;
			sourceTree = "<group>";
		};
		3725D4D62CD5001A0037DD08 /* Frameworks */ = {
			isa = PBXGroup;
			children = (
				3725D4D72CD5001A0037DD08 /* AVKit.framework */,
				37C4CC2F2E5CA4660028E4FE /* Messages.framework */,
			);
			name = Frameworks;
			sourceTree = "<group>";
		};
/* End PBXGroup section */

/* Begin PBXNativeTarget section */
		372034B52B29E1BC00C4F955 /* macadamia */ = {
			isa = PBXNativeTarget;
			buildConfigurationList = 372034C42B29E1BD00C4F955 /* Build configuration list for PBXNativeTarget "macadamia" */;
			buildPhases = (
				372034B22B29E1BC00C4F955 /* Sources */,
				372034B32B29E1BC00C4F955 /* Frameworks */,
				372034B42B29E1BC00C4F955 /* Resources */,
				37C4CC3D2E5CA4670028E4FE /* Embed Foundation Extensions */,
			);
			buildRules = (
			);
			dependencies = (
				37C4CC3B2E5CA4670028E4FE /* PBXTargetDependency */,
			);
			fileSystemSynchronizedGroups = (
				3713384D2F2FDD3400F8C0AB /* Intents */,
				371338502F2FDFE400F8C0AB /* AppAssets */,
				3722E9452F39DA7D00F79F2B /* Release Notes */,
				377A1BAD2E6CF54900BC1BC1 /* Preview Content */,
				3793B9A12D0047140077F755 /* Wallet */,
				3793B9A22D0049AD0077F755 /* Mints */,
				3793B9A42D0049F60077F755 /* PersistentModelV1 */,
				3793B9A62D004A490077F755 /* Settings */,
				3793B9A72D004ADA0077F755 /* Misc */,
			);
			name = macadamia;
			packageProductDependencies = (
				3792122D2B29E7520081F161 /* BigNumber */,
				379212332B29E7B30081F161 /* BIP39 */,
				377FFEFF2BC43B6900DD2635 /* MarkdownUI */,
				376E88422BE5468B0026FF8D /* Popovers */,
				370A84062CC18AEE0039A413 /* Flow */,
				377D26252E1FDE7800CFB880 /* URUI */,
				371AA9122E33EB61006D487F /* CashuSwift */,
				37A988482EBF9A7C0065FCE6 /* NostrSDK */,
				370A2B322EBFD23800C4A6A5 /* Bolt11 */,
				370F7F542F16AC6400C625C0 /* LNURL-Swift */,
			);
			productName = macadamia;
			productReference = 372034B62B29E1BC00C4F955 /* macadamia.app */;
			productType = "com.apple.product-type.application";
		};
		37C4CC2D2E5CA4660028E4FE /* macadamiaMessages */ = {
			isa = PBXNativeTarget;
			buildConfigurationList = 37C4CC412E5CA4670028E4FE /* Build configuration list for PBXNativeTarget "macadamiaMessages" */;
			buildPhases = (
				37C4CC2B2E5CA4660028E4FE /* Frameworks */,
				37C4CC2C2E5CA4660028E4FE /* Resources */,
				37965DE32E6CBB2F00681744 /* Embed Frameworks */,
				377A1BAF2E6D9D6C00BC1BC1 /* Sources */,
			);
			buildRules = (
			);
			dependencies = (
				37BC5F542E6CCF23000E1799 /* PBXTargetDependency */,
				37BC5F562E6CCF23000E1799 /* PBXTargetDependency */,
			);
			fileSystemSynchronizedGroups = (
				3793B9A42D0049F60077F755 /* PersistentModelV1 */,
				37C4CC312E5CA4660028E4FE /* macadamiaMessages */,
			);
			name = macadamiaMessages;
			packageProductDependencies = (
				37C4CC4A2E5CAAE30028E4FE /* CashuSwift */,
				37965DDD2E6CBAD600681744 /* BigNumber */,
				37965DDF2E6CBAD600681744 /* BIP39 */,
			);
			productName = macadamiaMessages;
			productReference = 37C4CC2E2E5CA4660028E4FE /* macadamiaMessages.appex */;
			productType = "com.apple.product-type.app-extension.messages";
		};
		37DC18A02B8669A900F9B37B /* macadamiaTests */ = {
			isa = PBXNativeTarget;
			buildConfigurationList = 37DC18A72B8669A900F9B37B /* Build configuration list for PBXNativeTarget "macadamiaTests" */;
			buildPhases = (
				37DC189D2B8669A900F9B37B /* Sources */,
				37DC189E2B8669A900F9B37B /* Frameworks */,
				37DC189F2B8669A900F9B37B /* Resources */,
			);
			buildRules = (
			);
			dependencies = (
				37DC18A62B8669A900F9B37B /* PBXTargetDependency */,
			);
			fileSystemSynchronizedGroups = (
				377A1BAA2E6CF53F00BC1BC1 /* macadamiaTests */,
			);
			name = macadamiaTests;
			productName = macadamiaTests;
			productReference = 37DC18A12B8669A900F9B37B /* macadamiaTests.xctest */;
			productType = "com.apple.product-type.bundle.unit-test";
		};
/* End PBXNativeTarget section */

/* Begin PBXProject section */
		372034AE2B29E1BC00C4F955 /* Project object */ = {
			isa = PBXProject;
			attributes = {
				BuildIndependentTargetsInParallel = 1;
				LastSwiftUpdateCheck = 1620;
				LastUpgradeCheck = 1640;
				TargetAttributes = {
					372034B52B29E1BC00C4F955 = {
						CreatedOnToolsVersion = 15.0.1;
					};
					37C4CC2D2E5CA4660028E4FE = {
						CreatedOnToolsVersion = 16.2;
					};
					37DC18A02B8669A900F9B37B = {
						CreatedOnToolsVersion = 15.0.1;
						TestTargetID = 372034B52B29E1BC00C4F955;
					};
				};
			};
			buildConfigurationList = 372034B12B29E1BC00C4F955 /* Build configuration list for PBXProject "macadamia" */;
			compatibilityVersion = "Xcode 14.0";
			developmentRegion = en;
			hasScannedForEncodings = 0;
			knownRegions = (
				en,
				Base,
				de,
			);
			mainGroup = 372034AD2B29E1BC00C4F955;
			packageReferences = (
				3792122C2B29E7520081F161 /* XCRemoteSwiftPackageReference "Swift-BigInt" */,
				379212322B29E7B30081F161 /* XCRemoteSwiftPackageReference "BIP39" */,
				377FFEFE2BC43B6900DD2635 /* XCRemoteSwiftPackageReference "swift-markdown-ui" */,
				376E88412BE5468B0026FF8D /* XCRemoteSwiftPackageReference "Popovers" */,
				370A84052CC18AEE0039A413 /* XCRemoteSwiftPackageReference "SwiftUI-Flow" */,
				377D26242E1FDE7800CFB880 /* XCRemoteSwiftPackageReference "URUI" */,
				371AA9112E33EB61006D487F /* XCRemoteSwiftPackageReference "cashu-swift" */,
				37A988472EBF9A7C0065FCE6 /* XCRemoteSwiftPackageReference "nostr-sdk-ios" */,
				370A2B312EBFD23800C4A6A5 /* XCRemoteSwiftPackageReference "Bolt11" */,
				370F7F532F16AC6400C625C0 /* XCRemoteSwiftPackageReference "LNURL-Swift" */,
			);
			productRefGroup = 372034B72B29E1BC00C4F955 /* Products */;
			projectDirPath = "";
			projectRoot = "";
			targets = (
				372034B52B29E1BC00C4F955 /* macadamia */,
				37DC18A02B8669A900F9B37B /* macadamiaTests */,
				37C4CC2D2E5CA4660028E4FE /* macadamiaMessages */,
			);
		};
/* End PBXProject section */

/* Begin PBXResourcesBuildPhase section */
		372034B42B29E1BC00C4F955 /* Resources */ = {
			isa = PBXResourcesBuildPhase;
			buildActionMask = 2147483647;
			files = (
				37E700132B4C0DD100CB1A58 /* Launch Screen.storyboard in Resources */,
				373CE6582EAE6D66000AC589 /* pull_request_template.md in Resources */,
				370A83FF2CB94CCD0039A413 /* .swiftformat in Resources */,
				376F43B22B4FEC0D00E55B0F /* README.md in Resources */,
			);
			runOnlyForDeploymentPostprocessing = 0;
		};
		37C4CC2C2E5CA4660028E4FE /* Resources */ = {
			isa = PBXResourcesBuildPhase;
			buildActionMask = 2147483647;
			files = (
			);
			runOnlyForDeploymentPostprocessing = 0;
		};
		37DC189F2B8669A900F9B37B /* Resources */ = {
			isa = PBXResourcesBuildPhase;
			buildActionMask = 2147483647;
			files = (
			);
			runOnlyForDeploymentPostprocessing = 0;
		};
/* End PBXResourcesBuildPhase section */

/* Begin PBXSourcesBuildPhase section */
		372034B22B29E1BC00C4F955 /* Sources */ = {
			isa = PBXSourcesBuildPhase;
			buildActionMask = 2147483647;
			files = (
				37C4CC8F2E5CB1A90028E4FE /* ContentView.swift in Sources */,
				37C4CC902E5CB1A90028E4FE /* Error.swift in Sources */,
				37C4CC912E5CB1A90028E4FE /* AppState.swift in Sources */,
				37C4CC922E5CB1A90028E4FE /* macadamiaApp.swift in Sources */,
				37C4CC932E5CB1A90028E4FE /* TOS.swift in Sources */,
			);
			runOnlyForDeploymentPostprocessing = 0;
		};
		377A1BAF2E6D9D6C00BC1BC1 /* Sources */ = {
			isa = PBXSourcesBuildPhase;
			buildActionMask = 2147483647;
			files = (
				377A1BC82E6D9E3B00BC1BC1 /* Error.swift in Sources */,
			);
			runOnlyForDeploymentPostprocessing = 0;
		};
		37DC189D2B8669A900F9B37B /* Sources */ = {
			isa = PBXSourcesBuildPhase;
			buildActionMask = 2147483647;
			files = (
			);
			runOnlyForDeploymentPostprocessing = 0;
		};
/* End PBXSourcesBuildPhase section */

/* Begin PBXTargetDependency section */
		37BC5F542E6CCF23000E1799 /* PBXTargetDependency */ = {
			isa = PBXTargetDependency;
			productRef = 37BC5F532E6CCF23000E1799 /* BIP39 */;
		};
		37BC5F562E6CCF23000E1799 /* PBXTargetDependency */ = {
			isa = PBXTargetDependency;
			productRef = 37BC5F552E6CCF23000E1799 /* CashuSwift */;
		};
		37C4CC3B2E5CA4670028E4FE /* PBXTargetDependency */ = {
			isa = PBXTargetDependency;
			target = 37C4CC2D2E5CA4660028E4FE /* macadamiaMessages */;
			targetProxy = 37C4CC3A2E5CA4670028E4FE /* PBXContainerItemProxy */;
		};
		37DC18A62B8669A900F9B37B /* PBXTargetDependency */ = {
			isa = PBXTargetDependency;
			target = 372034B52B29E1BC00C4F955 /* macadamia */;
			targetProxy = 37DC18A52B8669A900F9B37B /* PBXContainerItemProxy */;
		};
/* End PBXTargetDependency section */

/* Begin XCBuildConfiguration section */
		372034C22B29E1BD00C4F955 /* Debug */ = {
			isa = XCBuildConfiguration;
			buildSettings = {
				ALWAYS_SEARCH_USER_PATHS = NO;
				ASSETCATALOG_COMPILER_GENERATE_SWIFT_ASSET_SYMBOL_EXTENSIONS = YES;
				CLANG_ANALYZER_NONNULL = YES;
				CLANG_ANALYZER_NUMBER_OBJECT_CONVERSION = YES_AGGRESSIVE;
				CLANG_CXX_LANGUAGE_STANDARD = "gnu++20";
				CLANG_ENABLE_MODULES = YES;
				CLANG_ENABLE_OBJC_ARC = YES;
				CLANG_ENABLE_OBJC_WEAK = YES;
				CLANG_WARN_BLOCK_CAPTURE_AUTORELEASING = YES;
				CLANG_WARN_BOOL_CONVERSION = YES;
				CLANG_WARN_COMMA = YES;
				CLANG_WARN_CONSTANT_CONVERSION = YES;
				CLANG_WARN_DEPRECATED_OBJC_IMPLEMENTATIONS = YES;
				CLANG_WARN_DIRECT_OBJC_ISA_USAGE = YES_ERROR;
				CLANG_WARN_DOCUMENTATION_COMMENTS = YES;
				CLANG_WARN_EMPTY_BODY = YES;
				CLANG_WARN_ENUM_CONVERSION = YES;
				CLANG_WARN_INFINITE_RECURSION = YES;
				CLANG_WARN_INT_CONVERSION = YES;
				CLANG_WARN_NON_LITERAL_NULL_CONVERSION = YES;
				CLANG_WARN_OBJC_IMPLICIT_RETAIN_SELF = YES;
				CLANG_WARN_OBJC_LITERAL_CONVERSION = YES;
				CLANG_WARN_OBJC_ROOT_CLASS = YES_ERROR;
				CLANG_WARN_QUOTED_INCLUDE_IN_FRAMEWORK_HEADER = YES;
				CLANG_WARN_RANGE_LOOP_ANALYSIS = YES;
				CLANG_WARN_STRICT_PROTOTYPES = YES;
				CLANG_WARN_SUSPICIOUS_MOVE = YES;
				CLANG_WARN_UNGUARDED_AVAILABILITY = YES_AGGRESSIVE;
				CLANG_WARN_UNREACHABLE_CODE = YES;
				CLANG_WARN__DUPLICATE_METHOD_MATCH = YES;
				COPY_PHASE_STRIP = NO;
				DEBUG_INFORMATION_FORMAT = dwarf;
				DEVELOPMENT_TEAM = W285RX5S82;
				ENABLE_STRICT_OBJC_MSGSEND = YES;
				ENABLE_TESTABILITY = YES;
				ENABLE_USER_SCRIPT_SANDBOXING = YES;
				GCC_C_LANGUAGE_STANDARD = gnu17;
				GCC_DYNAMIC_NO_PIC = NO;
				GCC_NO_COMMON_BLOCKS = YES;
				GCC_OPTIMIZATION_LEVEL = 0;
				GCC_PREPROCESSOR_DEFINITIONS = (
					"DEBUG=1",
					"$(inherited)",
				);
				GCC_WARN_64_TO_32_BIT_CONVERSION = YES;
				GCC_WARN_ABOUT_RETURN_TYPE = YES_ERROR;
				GCC_WARN_UNDECLARED_SELECTOR = YES;
				GCC_WARN_UNINITIALIZED_AUTOS = YES_AGGRESSIVE;
				GCC_WARN_UNUSED_FUNCTION = YES;
				GCC_WARN_UNUSED_VARIABLE = YES;
				IPHONEOS_DEPLOYMENT_TARGET = 17.5;
				LOCALIZATION_PREFERS_STRING_CATALOGS = YES;
				MTL_ENABLE_DEBUG_INFO = INCLUDE_SOURCE;
				MTL_FAST_MATH = YES;
				ONLY_ACTIVE_ARCH = YES;
				SDKROOT = iphoneos;
				SWIFT_ACTIVE_COMPILATION_CONDITIONS = "DEBUG $(inherited)";
				SWIFT_EMIT_LOC_STRINGS = YES;
				SWIFT_OPTIMIZATION_LEVEL = "-Onone";
			};
			name = Debug;
		};
		372034C32B29E1BD00C4F955 /* Release */ = {
			isa = XCBuildConfiguration;
			buildSettings = {
				ALWAYS_SEARCH_USER_PATHS = NO;
				ASSETCATALOG_COMPILER_GENERATE_SWIFT_ASSET_SYMBOL_EXTENSIONS = YES;
				CLANG_ANALYZER_NONNULL = YES;
				CLANG_ANALYZER_NUMBER_OBJECT_CONVERSION = YES_AGGRESSIVE;
				CLANG_CXX_LANGUAGE_STANDARD = "gnu++20";
				CLANG_ENABLE_MODULES = YES;
				CLANG_ENABLE_OBJC_ARC = YES;
				CLANG_ENABLE_OBJC_WEAK = YES;
				CLANG_WARN_BLOCK_CAPTURE_AUTORELEASING = YES;
				CLANG_WARN_BOOL_CONVERSION = YES;
				CLANG_WARN_COMMA = YES;
				CLANG_WARN_CONSTANT_CONVERSION = YES;
				CLANG_WARN_DEPRECATED_OBJC_IMPLEMENTATIONS = YES;
				CLANG_WARN_DIRECT_OBJC_ISA_USAGE = YES_ERROR;
				CLANG_WARN_DOCUMENTATION_COMMENTS = YES;
				CLANG_WARN_EMPTY_BODY = YES;
				CLANG_WARN_ENUM_CONVERSION = YES;
				CLANG_WARN_INFINITE_RECURSION = YES;
				CLANG_WARN_INT_CONVERSION = YES;
				CLANG_WARN_NON_LITERAL_NULL_CONVERSION = YES;
				CLANG_WARN_OBJC_IMPLICIT_RETAIN_SELF = YES;
				CLANG_WARN_OBJC_LITERAL_CONVERSION = YES;
				CLANG_WARN_OBJC_ROOT_CLASS = YES_ERROR;
				CLANG_WARN_QUOTED_INCLUDE_IN_FRAMEWORK_HEADER = YES;
				CLANG_WARN_RANGE_LOOP_ANALYSIS = YES;
				CLANG_WARN_STRICT_PROTOTYPES = YES;
				CLANG_WARN_SUSPICIOUS_MOVE = YES;
				CLANG_WARN_UNGUARDED_AVAILABILITY = YES_AGGRESSIVE;
				CLANG_WARN_UNREACHABLE_CODE = YES;
				CLANG_WARN__DUPLICATE_METHOD_MATCH = YES;
				COPY_PHASE_STRIP = NO;
				DEBUG_INFORMATION_FORMAT = "dwarf-with-dsym";
				DEVELOPMENT_TEAM = W285RX5S82;
				ENABLE_NS_ASSERTIONS = NO;
				ENABLE_STRICT_OBJC_MSGSEND = YES;
				ENABLE_USER_SCRIPT_SANDBOXING = YES;
				GCC_C_LANGUAGE_STANDARD = gnu17;
				GCC_NO_COMMON_BLOCKS = YES;
				GCC_WARN_64_TO_32_BIT_CONVERSION = YES;
				GCC_WARN_ABOUT_RETURN_TYPE = YES_ERROR;
				GCC_WARN_UNDECLARED_SELECTOR = YES;
				GCC_WARN_UNINITIALIZED_AUTOS = YES_AGGRESSIVE;
				GCC_WARN_UNUSED_FUNCTION = YES;
				GCC_WARN_UNUSED_VARIABLE = YES;
				IPHONEOS_DEPLOYMENT_TARGET = 17.5;
				LOCALIZATION_PREFERS_STRING_CATALOGS = YES;
				MTL_ENABLE_DEBUG_INFO = NO;
				MTL_FAST_MATH = YES;
				SDKROOT = iphoneos;
				SWIFT_COMPILATION_MODE = wholemodule;
				SWIFT_EMIT_LOC_STRINGS = YES;
				VALIDATE_PRODUCT = YES;
			};
			name = Release;
		};
		372034C52B29E1BD00C4F955 /* Debug */ = {
			isa = XCBuildConfiguration;
			buildSettings = {
				ASSETCATALOG_COMPILER_APPICON_NAME = AppIcon;
				ASSETCATALOG_COMPILER_GLOBAL_ACCENT_COLOR_NAME = AccentColor;
				ASSETCATALOG_COMPILER_INCLUDE_ALL_APPICON_ASSETS = NO;
				CODE_SIGN_ENTITLEMENTS = macadamia/macadamia.entitlements;
				CODE_SIGN_IDENTITY = "Apple Development";
				CODE_SIGN_STYLE = Automatic;
				CURRENT_PROJECT_VERSION = 3;
				DEVELOPMENT_ASSET_PATHS = "\"macadamia/Preview Content\"";
				ENABLE_PREVIEWS = YES;
				GENERATE_INFOPLIST_FILE = YES;
				INFOPLIST_FILE = macadamia/Info.plist;
				INFOPLIST_KEY_CFBundleDisplayName = macadamia;
				INFOPLIST_KEY_LSApplicationCategoryType = "public.app-category.finance";
				INFOPLIST_KEY_NSCameraUsageDescription = "macadamia uses your device's camera to read the QR-codes of lightning invoices.";
				INFOPLIST_KEY_UIApplicationSceneManifest_Generation = YES;
				INFOPLIST_KEY_UIApplicationSupportsIndirectInputEvents = YES;
				INFOPLIST_KEY_UILaunchStoryboardName = "Launch Screen.storyboard";
				INFOPLIST_KEY_UISupportedInterfaceOrientations = UIInterfaceOrientationPortrait;
				INFOPLIST_KEY_UISupportedInterfaceOrientations_iPad = "UIInterfaceOrientationLandscapeLeft UIInterfaceOrientationLandscapeRight UIInterfaceOrientationPortrait UIInterfaceOrientationPortraitUpsideDown";
				IPHONEOS_DEPLOYMENT_TARGET = 17.5;
				LD_RUNPATH_SEARCH_PATHS = (
					"$(inherited)",
					"@executable_path/Frameworks",
				);
				MARKETING_VERSION = 0.7.0;
				PRODUCT_BUNDLE_IDENTIFIER = com.cypherbase.macadamia;
				PRODUCT_NAME = "$(TARGET_NAME)";
				PROVISIONING_PROFILE_SPECIFIER = "";
				SUPPORTED_PLATFORMS = "iphoneos iphonesimulator";
				SUPPORTS_MACCATALYST = NO;
				SUPPORTS_MAC_DESIGNED_FOR_IPHONE_IPAD = YES;
				SUPPORTS_XR_DESIGNED_FOR_IPHONE_IPAD = NO;
				SWIFT_EMIT_LOC_STRINGS = YES;
				SWIFT_STRICT_CONCURRENCY = complete;
				SWIFT_VERSION = 5.0;
				TARGETED_DEVICE_FAMILY = 1;
			};
			name = Debug;
		};
		372034C62B29E1BD00C4F955 /* Release */ = {
			isa = XCBuildConfiguration;
			buildSettings = {
				ASSETCATALOG_COMPILER_APPICON_NAME = AppIcon;
				ASSETCATALOG_COMPILER_GLOBAL_ACCENT_COLOR_NAME = AccentColor;
				ASSETCATALOG_COMPILER_INCLUDE_ALL_APPICON_ASSETS = NO;
				CODE_SIGN_ENTITLEMENTS = macadamia/macadamia.entitlements;
				CODE_SIGN_IDENTITY = "Apple Development";
				CODE_SIGN_STYLE = Automatic;
				CURRENT_PROJECT_VERSION = 3;
				DEVELOPMENT_ASSET_PATHS = "\"macadamia/Preview Content\"";
				ENABLE_PREVIEWS = YES;
				GENERATE_INFOPLIST_FILE = YES;
				INFOPLIST_FILE = macadamia/Info.plist;
				INFOPLIST_KEY_CFBundleDisplayName = macadamia;
				INFOPLIST_KEY_LSApplicationCategoryType = "public.app-category.finance";
				INFOPLIST_KEY_NSCameraUsageDescription = "macadamia uses your device's camera to read the QR-codes of lightning invoices.";
				INFOPLIST_KEY_UIApplicationSceneManifest_Generation = YES;
				INFOPLIST_KEY_UIApplicationSupportsIndirectInputEvents = YES;
				INFOPLIST_KEY_UILaunchStoryboardName = "Launch Screen.storyboard";
				INFOPLIST_KEY_UISupportedInterfaceOrientations = UIInterfaceOrientationPortrait;
				INFOPLIST_KEY_UISupportedInterfaceOrientations_iPad = "UIInterfaceOrientationLandscapeLeft UIInterfaceOrientationLandscapeRight UIInterfaceOrientationPortrait UIInterfaceOrientationPortraitUpsideDown";
				IPHONEOS_DEPLOYMENT_TARGET = 17.5;
				LD_RUNPATH_SEARCH_PATHS = (
					"$(inherited)",
					"@executable_path/Frameworks",
				);
				MARKETING_VERSION = 0.7.0;
				PRODUCT_BUNDLE_IDENTIFIER = com.cypherbase.macadamia;
				PRODUCT_NAME = "$(TARGET_NAME)";
				PROVISIONING_PROFILE_SPECIFIER = "";
				SUPPORTED_PLATFORMS = "iphoneos iphonesimulator";
				SUPPORTS_MACCATALYST = NO;
				SUPPORTS_MAC_DESIGNED_FOR_IPHONE_IPAD = YES;
				SUPPORTS_XR_DESIGNED_FOR_IPHONE_IPAD = NO;
				SWIFT_EMIT_LOC_STRINGS = YES;
				SWIFT_STRICT_CONCURRENCY = complete;
				SWIFT_VERSION = 5.0;
				TARGETED_DEVICE_FAMILY = 1;
			};
			name = Release;
		};
		37C4CC3E2E5CA4670028E4FE /* Debug */ = {
			isa = XCBuildConfiguration;
			buildSettings = {
				ASSETCATALOG_COMPILER_APPICON_NAME = "iMessage App Icon";
				CODE_SIGN_ENTITLEMENTS = /Users/dariolass/Developer/macadamia/macadamia/macadamiaMessages/macadamiaMessages.entitlements;
				CODE_SIGN_IDENTITY = "Apple Development";
				CODE_SIGN_STYLE = Automatic;
				CURRENT_PROJECT_VERSION = 3;
				DEVELOPMENT_ASSET_PATHS = "";
				GENERATE_INFOPLIST_FILE = YES;
				INFOPLIST_FILE = macadamia/macadamiaMessages/Info.plist;
				INFOPLIST_KEY_CFBundleDisplayName = macadamia;
				INFOPLIST_KEY_NSHumanReadableCopyright = "";
				IPHONEOS_DEPLOYMENT_TARGET = 18.2;
				LD_RUNPATH_SEARCH_PATHS = (
					"$(inherited)",
					"@executable_path/Frameworks",
					"@executable_path/../../Frameworks",
				);
				MARKETING_VERSION = 0.7.0;
				PRODUCT_BUNDLE_IDENTIFIER = com.cypherbase.macadamia.macadamiaMessages;
				PRODUCT_NAME = "$(TARGET_NAME)";
				SKIP_INSTALL = YES;
				"SWIFT_ACTIVE_COMPILATION_CONDITIONS[arch=*]" = APP_EXTENSION;
				SWIFT_EMIT_LOC_STRINGS = YES;
				SWIFT_STRICT_CONCURRENCY = complete;
				SWIFT_VERSION = 5.0;
				TARGETED_DEVICE_FAMILY = "1,2";
				VALIDATE_PRODUCT = YES;
			};
			name = Debug;
		};
		37C4CC3F2E5CA4670028E4FE /* Release */ = {
			isa = XCBuildConfiguration;
			buildSettings = {
				ASSETCATALOG_COMPILER_APPICON_NAME = "iMessage App Icon";
				CODE_SIGN_ENTITLEMENTS = /Users/dariolass/Developer/macadamia/macadamia/macadamiaMessages/macadamiaMessages.entitlements;
				CODE_SIGN_IDENTITY = "Apple Development";
				CODE_SIGN_STYLE = Automatic;
				CURRENT_PROJECT_VERSION = 3;
				DEVELOPMENT_ASSET_PATHS = "";
				GCC_OPTIMIZATION_LEVEL = 0;
				GENERATE_INFOPLIST_FILE = YES;
				INFOPLIST_FILE = macadamia/macadamiaMessages/Info.plist;
				INFOPLIST_KEY_CFBundleDisplayName = macadamia;
				INFOPLIST_KEY_NSHumanReadableCopyright = "";
				IPHONEOS_DEPLOYMENT_TARGET = 18.2;
				LD_RUNPATH_SEARCH_PATHS = (
					"$(inherited)",
					"@executable_path/Frameworks",
					"@executable_path/../../Frameworks",
				);
				MARKETING_VERSION = 0.7.0;
				ONLY_ACTIVE_ARCH = NO;
				PRODUCT_BUNDLE_IDENTIFIER = com.cypherbase.macadamia.macadamiaMessages;
				PRODUCT_NAME = "$(TARGET_NAME)";
				SKIP_INSTALL = YES;
				SWIFT_ACTIVE_COMPILATION_CONDITIONS = "RELEASE $(inherited)";
				"SWIFT_ACTIVE_COMPILATION_CONDITIONS[arch=*]" = APP_EXTENSION;
				SWIFT_EMIT_LOC_STRINGS = YES;
				SWIFT_OPTIMIZATION_LEVEL = "-Onone";
				SWIFT_STRICT_CONCURRENCY = complete;
				SWIFT_VERSION = 5.0;
				TARGETED_DEVICE_FAMILY = "1,2";
			};
			name = Release;
		};
		37DC18A82B8669A900F9B37B /* Debug */ = {
			isa = XCBuildConfiguration;
			buildSettings = {
				BUNDLE_LOADER = "$(TEST_HOST)";
				CODE_SIGN_STYLE = Automatic;
				CURRENT_PROJECT_VERSION = 1;
				GENERATE_INFOPLIST_FILE = YES;
				MARKETING_VERSION = 1.0;
				PRODUCT_BUNDLE_IDENTIFIER = zeugmaster.macadamiaTests;
				PRODUCT_NAME = "$(TARGET_NAME)";
				SWIFT_EMIT_LOC_STRINGS = NO;
				SWIFT_STRICT_CONCURRENCY = complete;
				SWIFT_VERSION = 5.0;
				TARGETED_DEVICE_FAMILY = "1,2";
				TEST_HOST = "$(BUILT_PRODUCTS_DIR)/macadamia.app/$(BUNDLE_EXECUTABLE_FOLDER_PATH)/macadamia";
			};
			name = Debug;
		};
		37DC18A92B8669A900F9B37B /* Release */ = {
			isa = XCBuildConfiguration;
			buildSettings = {
				BUNDLE_LOADER = "$(TEST_HOST)";
				CODE_SIGN_STYLE = Automatic;
				CURRENT_PROJECT_VERSION = 1;
				GENERATE_INFOPLIST_FILE = YES;
				MARKETING_VERSION = 1.0;
				PRODUCT_BUNDLE_IDENTIFIER = zeugmaster.macadamiaTests;
				PRODUCT_NAME = "$(TARGET_NAME)";
				SWIFT_EMIT_LOC_STRINGS = NO;
				SWIFT_STRICT_CONCURRENCY = complete;
				SWIFT_VERSION = 5.0;
				TARGETED_DEVICE_FAMILY = "1,2";
				TEST_HOST = "$(BUILT_PRODUCTS_DIR)/macadamia.app/$(BUNDLE_EXECUTABLE_FOLDER_PATH)/macadamia";
			};
			name = Release;
		};
/* End XCBuildConfiguration section */

/* Begin XCConfigurationList section */
		372034B12B29E1BC00C4F955 /* Build configuration list for PBXProject "macadamia" */ = {
			isa = XCConfigurationList;
			buildConfigurations = (
				372034C22B29E1BD00C4F955 /* Debug */,
				372034C32B29E1BD00C4F955 /* Release */,
			);
			defaultConfigurationIsVisible = 0;
			defaultConfigurationName = Release;
		};
		372034C42B29E1BD00C4F955 /* Build configuration list for PBXNativeTarget "macadamia" */ = {
			isa = XCConfigurationList;
			buildConfigurations = (
				372034C52B29E1BD00C4F955 /* Debug */,
				372034C62B29E1BD00C4F955 /* Release */,
			);
			defaultConfigurationIsVisible = 0;
			defaultConfigurationName = Release;
		};
		37C4CC412E5CA4670028E4FE /* Build configuration list for PBXNativeTarget "macadamiaMessages" */ = {
			isa = XCConfigurationList;
			buildConfigurations = (
				37C4CC3E2E5CA4670028E4FE /* Debug */,
				37C4CC3F2E5CA4670028E4FE /* Release */,
			);
			defaultConfigurationIsVisible = 0;
			defaultConfigurationName = Release;
		};
		37DC18A72B8669A900F9B37B /* Build configuration list for PBXNativeTarget "macadamiaTests" */ = {
			isa = XCConfigurationList;
			buildConfigurations = (
				37DC18A82B8669A900F9B37B /* Debug */,
				37DC18A92B8669A900F9B37B /* Release */,
			);
			defaultConfigurationIsVisible = 0;
			defaultConfigurationName = Release;
		};
/* End XCConfigurationList section */

/* Begin XCRemoteSwiftPackageReference section */
		370A2B312EBFD23800C4A6A5 /* XCRemoteSwiftPackageReference "Bolt11" */ = {
			isa = XCRemoteSwiftPackageReference;
			repositoryURL = "https://github.com/zeugmaster/Bolt11.git";
			requirement = {
				branch = main;
				kind = branch;
			};
		};
		370A84052CC18AEE0039A413 /* XCRemoteSwiftPackageReference "SwiftUI-Flow" */ = {
			isa = XCRemoteSwiftPackageReference;
			repositoryURL = "https://github.com/tevelee/SwiftUI-Flow.git";
			requirement = {
				kind = upToNextMajorVersion;
				minimumVersion = 3.0.0;
			};
		};
		370F7F532F16AC6400C625C0 /* XCRemoteSwiftPackageReference "LNURL-Swift" */ = {
			isa = XCRemoteSwiftPackageReference;
			repositoryURL = "https://github.com/zeugmaster/LNURL-Swift";
			requirement = {
				kind = upToNextMinorVersion;
				minimumVersion = 0.1.0;
			};
		};
		371AA9112E33EB61006D487F /* XCRemoteSwiftPackageReference "cashu-swift" */ = {
			isa = XCRemoteSwiftPackageReference;
			repositoryURL = "https://github.com/zeugmaster/cashu-swift.git";
			requirement = {
				kind = upToNextMinorVersion;
				minimumVersion = 0.3.0;
			};
		};
		376E88412BE5468B0026FF8D /* XCRemoteSwiftPackageReference "Popovers" */ = {
			isa = XCRemoteSwiftPackageReference;
			repositoryURL = "https://github.com/aheze/Popovers.git";
			requirement = {
				kind = upToNextMajorVersion;
				minimumVersion = 1.3.2;
			};
		};
		377D26242E1FDE7800CFB880 /* XCRemoteSwiftPackageReference "URUI" */ = {
			isa = XCRemoteSwiftPackageReference;
			repositoryURL = "https://github.com/zeugmaster/URUI";
			requirement = {
				branch = master;
				kind = branch;
			};
		};
		377FFEFE2BC43B6900DD2635 /* XCRemoteSwiftPackageReference "swift-markdown-ui" */ = {
			isa = XCRemoteSwiftPackageReference;
			repositoryURL = "https://github.com/gonzalezreal/swift-markdown-ui.git";
			requirement = {
				kind = upToNextMajorVersion;
				minimumVersion = 2.3.0;
			};
		};
		3792122C2B29E7520081F161 /* XCRemoteSwiftPackageReference "Swift-BigInt" */ = {
			isa = XCRemoteSwiftPackageReference;
			repositoryURL = "https://github.com/mkrd/Swift-BigInt.git";
			requirement = {
				branch = master;
				kind = branch;
			};
		};
		379212322B29E7B30081F161 /* XCRemoteSwiftPackageReference "BIP39" */ = {
			isa = XCRemoteSwiftPackageReference;
			repositoryURL = "https://github.com/pengpengliu/BIP39";
			requirement = {
				branch = master;
				kind = branch;
			};
		};
		37A988472EBF9A7C0065FCE6 /* XCRemoteSwiftPackageReference "nostr-sdk-ios" */ = {
			isa = XCRemoteSwiftPackageReference;
			repositoryURL = "https://github.com/zeugmaster/nostr-sdk-ios.git";
			requirement = {
				kind = upToNextMajorVersion;
				minimumVersion = 0.3.4;
			};
		};
/* End XCRemoteSwiftPackageReference section */

/* Begin XCSwiftPackageProductDependency section */
		370A2B322EBFD23800C4A6A5 /* Bolt11 */ = {
			isa = XCSwiftPackageProductDependency;
			package = 370A2B312EBFD23800C4A6A5 /* XCRemoteSwiftPackageReference "Bolt11" */;
			productName = Bolt11;
		};
		370A84062CC18AEE0039A413 /* Flow */ = {
			isa = XCSwiftPackageProductDependency;
			package = 370A84052CC18AEE0039A413 /* XCRemoteSwiftPackageReference "SwiftUI-Flow" */;
			productName = Flow;
		};
		370F7F542F16AC6400C625C0 /* LNURL-Swift */ = {
			isa = XCSwiftPackageProductDependency;
			package = 370F7F532F16AC6400C625C0 /* XCRemoteSwiftPackageReference "LNURL-Swift" */;
			productName = "LNURL-Swift";
		};
		371AA9122E33EB61006D487F /* CashuSwift */ = {
			isa = XCSwiftPackageProductDependency;
			package = 371AA9112E33EB61006D487F /* XCRemoteSwiftPackageReference "cashu-swift" */;
			productName = CashuSwift;
		};
		376E88422BE5468B0026FF8D /* Popovers */ = {
			isa = XCSwiftPackageProductDependency;
			package = 376E88412BE5468B0026FF8D /* XCRemoteSwiftPackageReference "Popovers" */;
			productName = Popovers;
		};
		377D26252E1FDE7800CFB880 /* URUI */ = {
			isa = XCSwiftPackageProductDependency;
			package = 377D26242E1FDE7800CFB880 /* XCRemoteSwiftPackageReference "URUI" */;
			productName = URUI;
		};
		377FFEFF2BC43B6900DD2635 /* MarkdownUI */ = {
			isa = XCSwiftPackageProductDependency;
			package = 377FFEFE2BC43B6900DD2635 /* XCRemoteSwiftPackageReference "swift-markdown-ui" */;
			productName = MarkdownUI;
		};
		3792122D2B29E7520081F161 /* BigNumber */ = {
			isa = XCSwiftPackageProductDependency;
			package = 3792122C2B29E7520081F161 /* XCRemoteSwiftPackageReference "Swift-BigInt" */;
			productName = BigNumber;
		};
		379212332B29E7B30081F161 /* BIP39 */ = {
			isa = XCSwiftPackageProductDependency;
			package = 379212322B29E7B30081F161 /* XCRemoteSwiftPackageReference "BIP39" */;
			productName = BIP39;
		};
		37965DDD2E6CBAD600681744 /* BigNumber */ = {
			isa = XCSwiftPackageProductDependency;
			package = 3792122C2B29E7520081F161 /* XCRemoteSwiftPackageReference "Swift-BigInt" */;
			productName = BigNumber;
		};
		37965DDF2E6CBAD600681744 /* BIP39 */ = {
			isa = XCSwiftPackageProductDependency;
			package = 379212322B29E7B30081F161 /* XCRemoteSwiftPackageReference "BIP39" */;
			productName = BIP39;
		};
		37A988482EBF9A7C0065FCE6 /* NostrSDK */ = {
			isa = XCSwiftPackageProductDependency;
			package = 37A988472EBF9A7C0065FCE6 /* XCRemoteSwiftPackageReference "nostr-sdk-ios" */;
			productName = NostrSDK;
		};
		37BC5F532E6CCF23000E1799 /* BIP39 */ = {
			isa = XCSwiftPackageProductDependency;
			package = 379212322B29E7B30081F161 /* XCRemoteSwiftPackageReference "BIP39" */;
			productName = BIP39;
		};
		37BC5F552E6CCF23000E1799 /* CashuSwift */ = {
			isa = XCSwiftPackageProductDependency;
			package = 371AA9112E33EB61006D487F /* XCRemoteSwiftPackageReference "cashu-swift" */;
			productName = CashuSwift;
		};
		37C4CC4A2E5CAAE30028E4FE /* CashuSwift */ = {
			isa = XCSwiftPackageProductDependency;
			package = 371AA9112E33EB61006D487F /* XCRemoteSwiftPackageReference "cashu-swift" */;
			productName = CashuSwift;
		};
/* End XCSwiftPackageProductDependency section */
	};
	rootObject = 372034AE2B29E1BC00C4F955 /* Project object */;
}
