// !$*UTF8*$!
{
	archiveVersion = 1;
	classes = {
	};
	objectVersion = 70;
	objects = {

/* Begin PBXBuildFile section */
		37049E262BD54A2E00BBAC4E /* URUI in Frameworks */ = {isa = PBXBuildFile; productRef = 37049E252BD54A2E00BBAC4E /* URUI */; };
		370A83FF2CB94CCD0039A413 /* .swiftformat in Resources */ = {isa = PBXBuildFile; fileRef = 370A83FE2CB94CCD0039A413 /* .swiftformat */; };
		370A84072CC18AEE0039A413 /* Flow in Frameworks */ = {isa = PBXBuildFile; productRef = 370A84062CC18AEE0039A413 /* Flow */; };
		372034BA2B29E1BC00C4F955 /* macadamiaApp.swift in Sources */ = {isa = PBXBuildFile; fileRef = 372034B92B29E1BC00C4F955 /* macadamiaApp.swift */; };
		372034BC2B29E1BC00C4F955 /* ContentView.swift in Sources */ = {isa = PBXBuildFile; fileRef = 372034BB2B29E1BC00C4F955 /* ContentView.swift */; };
		372034BE2B29E1BD00C4F955 /* Assets.xcassets in Resources */ = {isa = PBXBuildFile; fileRef = 372034BD2B29E1BD00C4F955 /* Assets.xcassets */; };
		372034C12B29E1BD00C4F955 /* Preview Assets.xcassets in Resources */ = {isa = PBXBuildFile; fileRef = 372034C02B29E1BD00C4F955 /* Preview Assets.xcassets */; };
		3725D4D82CD5001A0037DD08 /* AVKit.framework in Frameworks */ = {isa = PBXBuildFile; fileRef = 3725D4D72CD5001A0037DD08 /* AVKit.framework */; };
		376E88432BE5468B0026FF8D /* Popovers in Frameworks */ = {isa = PBXBuildFile; productRef = 376E88422BE5468B0026FF8D /* Popovers */; };
		376F43B22B4FEC0D00E55B0F /* README.md in Resources */ = {isa = PBXBuildFile; fileRef = 376F43B12B4FEC0D00E55B0F /* README.md */; };
		377FFF002BC43B6900DD2635 /* MarkdownUI in Frameworks */ = {isa = PBXBuildFile; productRef = 377FFEFF2BC43B6900DD2635 /* MarkdownUI */; };
		377FFF022BC451AB00DD2635 /* release-notes.md in Resources */ = {isa = PBXBuildFile; fileRef = 377FFF012BC451AB00DD2635 /* release-notes.md */; };
		378521862D394BB8008E07A3 /* CashuSwift in Frameworks */ = {isa = PBXBuildFile; productRef = 378521852D394BB8008E07A3 /* CashuSwift */; };
		378B20482D09F3FD003FEEBD /* Error.swift in Sources */ = {isa = PBXBuildFile; fileRef = 378B20472D09F3FD003FEEBD /* Error.swift */; };
		3792122E2B29E7520081F161 /* BigNumber in Frameworks */ = {isa = PBXBuildFile; productRef = 3792122D2B29E7520081F161 /* BigNumber */; };
		379212342B29E7B30081F161 /* BIP39 in Frameworks */ = {isa = PBXBuildFile; productRef = 379212332B29E7B30081F161 /* BIP39 */; };
		3793B99E2CFCC8F80077F755 /* AppState.swift in Sources */ = {isa = PBXBuildFile; fileRef = 3793B99D2CFCC8F80077F755 /* AppState.swift */; };
		379BDF592B421855008FD0E7 /* NostrSDK in Frameworks */ = {isa = PBXBuildFile; productRef = 379BDF582B421855008FD0E7 /* NostrSDK */; };
		379ED0412D4580A900D432D0 /* TOS.swift in Sources */ = {isa = PBXBuildFile; fileRef = 379ED0402D4580A900D432D0 /* TOS.swift */; };
		37DC18A42B8669A900F9B37B /* macadamiaTests.swift in Sources */ = {isa = PBXBuildFile; fileRef = 37DC18A32B8669A900F9B37B /* macadamiaTests.swift */; };
		37E700132B4C0DD100CB1A58 /* Launch Screen.storyboard in Resources */ = {isa = PBXBuildFile; fileRef = 37E700122B4C0DD100CB1A58 /* Launch Screen.storyboard */; };
/* End PBXBuildFile section */

/* Begin PBXContainerItemProxy section */
		37DC18A52B8669A900F9B37B /* PBXContainerItemProxy */ = {
			isa = PBXContainerItemProxy;
			containerPortal = 372034AE2B29E1BC00C4F955 /* Project object */;
			proxyType = 1;
			remoteGlobalIDString = 372034B52B29E1BC00C4F955;
			remoteInfo = macadamia;
		};
/* End PBXContainerItemProxy section */

/* Begin PBXFileReference section */
		370A83FE2CB94CCD0039A413 /* .swiftformat */ = {isa = PBXFileReference; fileEncoding = 4; lastKnownFileType = text; path = .swiftformat; sourceTree = "<group>"; };
		372034B62B29E1BC00C4F955 /* macadamia.app */ = {isa = PBXFileReference; explicitFileType = wrapper.application; includeInIndex = 0; path = macadamia.app; sourceTree = BUILT_PRODUCTS_DIR; };
		372034B92B29E1BC00C4F955 /* macadamiaApp.swift */ = {isa = PBXFileReference; lastKnownFileType = sourcecode.swift; path = macadamiaApp.swift; sourceTree = "<group>"; };
		372034BB2B29E1BC00C4F955 /* ContentView.swift */ = {isa = PBXFileReference; lastKnownFileType = sourcecode.swift; path = ContentView.swift; sourceTree = "<group>"; };
		372034BD2B29E1BD00C4F955 /* Assets.xcassets */ = {isa = PBXFileReference; lastKnownFileType = folder.assetcatalog; path = Assets.xcassets; sourceTree = "<group>"; };
		372034C02B29E1BD00C4F955 /* Preview Assets.xcassets */ = {isa = PBXFileReference; lastKnownFileType = folder.assetcatalog; path = "Preview Assets.xcassets"; sourceTree = "<group>"; };
		3725D4D72CD5001A0037DD08 /* AVKit.framework */ = {isa = PBXFileReference; lastKnownFileType = wrapper.framework; name = AVKit.framework; path = System/Library/Frameworks/AVKit.framework; sourceTree = SDKROOT; };
		376F43B12B4FEC0D00E55B0F /* README.md */ = {isa = PBXFileReference; fileEncoding = 4; lastKnownFileType = net.daringfireball.markdown; path = README.md; sourceTree = "<group>"; };
		377FFF012BC451AB00DD2635 /* release-notes.md */ = {isa = PBXFileReference; lastKnownFileType = net.daringfireball.markdown; path = "release-notes.md"; sourceTree = "<group>"; };
		378B20472D09F3FD003FEEBD /* Error.swift */ = {isa = PBXFileReference; lastKnownFileType = sourcecode.swift; path = Error.swift; sourceTree = "<group>"; };
		3793B99D2CFCC8F80077F755 /* AppState.swift */ = {isa = PBXFileReference; lastKnownFileType = sourcecode.swift; path = AppState.swift; sourceTree = "<group>"; };
		379ED0402D4580A900D432D0 /* TOS.swift */ = {isa = PBXFileReference; lastKnownFileType = sourcecode.swift; path = TOS.swift; sourceTree = "<group>"; };
		37DC18A12B8669A900F9B37B /* macadamiaTests.xctest */ = {isa = PBXFileReference; explicitFileType = wrapper.cfbundle; includeInIndex = 0; path = macadamiaTests.xctest; sourceTree = BUILT_PRODUCTS_DIR; };
		37DC18A32B8669A900F9B37B /* macadamiaTests.swift */ = {isa = PBXFileReference; lastKnownFileType = sourcecode.swift; path = macadamiaTests.swift; sourceTree = "<group>"; };
		37E700122B4C0DD100CB1A58 /* Launch Screen.storyboard */ = {isa = PBXFileReference; lastKnownFileType = file.storyboard; path = "Launch Screen.storyboard"; sourceTree = "<group>"; };
/* End PBXFileReference section */

/* Begin PBXFileSystemSynchronizedRootGroup section */
		3793B9A12D0047140077F755 /* Wallet */ = {isa = PBXFileSystemSynchronizedRootGroup; explicitFileTypes = {}; explicitFolders = (); path = Wallet; sourceTree = "<group>"; };
		3793B9A22D0049AD0077F755 /* Mints */ = {isa = PBXFileSystemSynchronizedRootGroup; explicitFileTypes = {}; explicitFolders = (); path = Mints; sourceTree = "<group>"; };
		3793B9A42D0049F60077F755 /* PersistentModelV1 */ = {isa = PBXFileSystemSynchronizedRootGroup; explicitFileTypes = {}; explicitFolders = (); path = PersistentModelV1; sourceTree = "<group>"; };
		3793B9A62D004A490077F755 /* Settings */ = {isa = PBXFileSystemSynchronizedRootGroup; explicitFileTypes = {}; explicitFolders = (); path = Settings; sourceTree = "<group>"; };
		3793B9A72D004ADA0077F755 /* Misc */ = {isa = PBXFileSystemSynchronizedRootGroup; explicitFileTypes = {}; explicitFolders = (); path = Misc; sourceTree = "<group>"; };
/* End PBXFileSystemSynchronizedRootGroup section */

/* Begin PBXFrameworksBuildPhase section */
		372034B32B29E1BC00C4F955 /* Frameworks */ = {
			isa = PBXFrameworksBuildPhase;
			buildActionMask = 2147483647;
			files = (
				3725D4D82CD5001A0037DD08 /* AVKit.framework in Frameworks */,
				379BDF592B421855008FD0E7 /* NostrSDK in Frameworks */,
				37049E262BD54A2E00BBAC4E /* URUI in Frameworks */,
				379212342B29E7B30081F161 /* BIP39 in Frameworks */,
				3792122E2B29E7520081F161 /* BigNumber in Frameworks */,
				378521862D394BB8008E07A3 /* CashuSwift in Frameworks */,
				377FFF002BC43B6900DD2635 /* MarkdownUI in Frameworks */,
				376E88432BE5468B0026FF8D /* Popovers in Frameworks */,
				370A84072CC18AEE0039A413 /* Flow in Frameworks */,
			);
			runOnlyForDeploymentPostprocessing = 0;
		};
		37DC189E2B8669A900F9B37B /* Frameworks */ = {
			isa = PBXFrameworksBuildPhase;
			buildActionMask = 2147483647;
			files = (
			);
			runOnlyForDeploymentPostprocessing = 0;
		};
/* End PBXFrameworksBuildPhase section */

/* Begin PBXGroup section */
		372034AD2B29E1BC00C4F955 = {
			isa = PBXGroup;
			children = (
				376F43B12B4FEC0D00E55B0F /* README.md */,
				370A83FE2CB94CCD0039A413 /* .swiftformat */,
				377FFF012BC451AB00DD2635 /* release-notes.md */,
				372034B82B29E1BC00C4F955 /* macadamia */,
				37DC18A22B8669A900F9B37B /* macadamiaTests */,
				3725D4D62CD5001A0037DD08 /* Frameworks */,
				372034B72B29E1BC00C4F955 /* Products */,
			);
			sourceTree = "<group>";
		};
		372034B72B29E1BC00C4F955 /* Products */ = {
			isa = PBXGroup;
			children = (
				372034B62B29E1BC00C4F955 /* macadamia.app */,
				37DC18A12B8669A900F9B37B /* macadamiaTests.xctest */,
			);
			name = Products;
			sourceTree = "<group>";
		};
		372034B82B29E1BC00C4F955 /* macadamia */ = {
			isa = PBXGroup;
			children = (
				37E700122B4C0DD100CB1A58 /* Launch Screen.storyboard */,
				372034B92B29E1BC00C4F955 /* macadamiaApp.swift */,
				378B20472D09F3FD003FEEBD /* Error.swift */,
				3793B99D2CFCC8F80077F755 /* AppState.swift */,
				379ED0402D4580A900D432D0 /* TOS.swift */,
				372034BB2B29E1BC00C4F955 /* ContentView.swift */,
				3793B9A12D0047140077F755 /* Wallet */,
				3793B9A22D0049AD0077F755 /* Mints */,
				3793B9A62D004A490077F755 /* Settings */,
				3793B9A72D004ADA0077F755 /* Misc */,
				3793B9A42D0049F60077F755 /* PersistentModelV1 */,
				372034BD2B29E1BD00C4F955 /* Assets.xcassets */,
				372034BF2B29E1BD00C4F955 /* Preview Content */,
			);
			path = macadamia;
			sourceTree = "<group>";
		};
		372034BF2B29E1BD00C4F955 /* Preview Content */ = {
			isa = PBXGroup;
			children = (
				372034C02B29E1BD00C4F955 /* Preview Assets.xcassets */,
			);
			path = "Preview Content";
			sourceTree = "<group>";
		};
		3725D4D62CD5001A0037DD08 /* Frameworks */ = {
			isa = PBXGroup;
			children = (
				3725D4D72CD5001A0037DD08 /* AVKit.framework */,
			);
			name = Frameworks;
			sourceTree = "<group>";
		};
		37DC18A22B8669A900F9B37B /* macadamiaTests */ = {
			isa = PBXGroup;
			children = (
				37DC18A32B8669A900F9B37B /* macadamiaTests.swift */,
			);
			path = macadamiaTests;
			sourceTree = "<group>";
		};
/* End PBXGroup section */

/* Begin PBXNativeTarget section */
		372034B52B29E1BC00C4F955 /* macadamia */ = {
			isa = PBXNativeTarget;
			buildConfigurationList = 372034C42B29E1BD00C4F955 /* Build configuration list for PBXNativeTarget "macadamia" */;
			buildPhases = (
				372034B22B29E1BC00C4F955 /* Sources */,
				372034B32B29E1BC00C4F955 /* Frameworks */,
				372034B42B29E1BC00C4F955 /* Resources */,
			);
			buildRules = (
			);
			dependencies = (
			);
			fileSystemSynchronizedGroups = (
				3793B9A12D0047140077F755 /* Wallet */,
				3793B9A22D0049AD0077F755 /* Mints */,
				3793B9A42D0049F60077F755 /* PersistentModelV1 */,
				3793B9A62D004A490077F755 /* Settings */,
				3793B9A72D004ADA0077F755 /* Misc */,
			);
			name = macadamia;
			packageProductDependencies = (
				3792122D2B29E7520081F161 /* BigNumber */,
				379212332B29E7B30081F161 /* BIP39 */,
				379BDF582B421855008FD0E7 /* NostrSDK */,
				377FFEFF2BC43B6900DD2635 /* MarkdownUI */,
				37049E252BD54A2E00BBAC4E /* URUI */,
				376E88422BE5468B0026FF8D /* Popovers */,
				370A84062CC18AEE0039A413 /* Flow */,
				378521852D394BB8008E07A3 /* CashuSwift */,
			);
			productName = macadamia;
			productReference = 372034B62B29E1BC00C4F955 /* macadamia.app */;
			productType = "com.apple.product-type.application";
		};
		37DC18A02B8669A900F9B37B /* macadamiaTests */ = {
			isa = PBXNativeTarget;
			buildConfigurationList = 37DC18A72B8669A900F9B37B /* Build configuration list for PBXNativeTarget "macadamiaTests" */;
			buildPhases = (
				37DC189D2B8669A900F9B37B /* Sources */,
				37DC189E2B8669A900F9B37B /* Frameworks */,
				37DC189F2B8669A900F9B37B /* Resources */,
			);
			buildRules = (
			);
			dependencies = (
				37DC18A62B8669A900F9B37B /* PBXTargetDependency */,
			);
			name = macadamiaTests;
			productName = macadamiaTests;
			productReference = 37DC18A12B8669A900F9B37B /* macadamiaTests.xctest */;
			productType = "com.apple.product-type.bundle.unit-test";
		};
/* End PBXNativeTarget section */

/* Begin PBXProject section */
		372034AE2B29E1BC00C4F955 /* Project object */ = {
			isa = PBXProject;
			attributes = {
				BuildIndependentTargetsInParallel = 1;
				LastSwiftUpdateCheck = 1500;
				LastUpgradeCheck = 1500;
				TargetAttributes = {
					372034B52B29E1BC00C4F955 = {
						CreatedOnToolsVersion = 15.0.1;
					};
					37DC18A02B8669A900F9B37B = {
						CreatedOnToolsVersion = 15.0.1;
						TestTargetID = 372034B52B29E1BC00C4F955;
					};
				};
			};
			buildConfigurationList = 372034B12B29E1BC00C4F955 /* Build configuration list for PBXProject "macadamia" */;
			compatibilityVersion = "Xcode 14.0";
			developmentRegion = en;
			hasScannedForEncodings = 0;
			knownRegions = (
				en,
				Base,
			);
			mainGroup = 372034AD2B29E1BC00C4F955;
			packageReferences = (
				3792122C2B29E7520081F161 /* XCRemoteSwiftPackageReference "Swift-BigInt" */,
				379212322B29E7B30081F161 /* XCRemoteSwiftPackageReference "BIP39" */,
				379BDF572B421855008FD0E7 /* XCRemoteSwiftPackageReference "nostr-sdk-ios" */,
				377FFEFE2BC43B6900DD2635 /* XCRemoteSwiftPackageReference "swift-markdown-ui" */,
				37049E242BD54A2E00BBAC4E /* XCRemoteSwiftPackageReference "URUI" */,
				376E88412BE5468B0026FF8D /* XCRemoteSwiftPackageReference "Popovers" */,
				370A84052CC18AEE0039A413 /* XCRemoteSwiftPackageReference "SwiftUI-Flow" */,
				378521842D394BB8008E07A3 /* XCRemoteSwiftPackageReference "cashu-swift" */,
			);
			productRefGroup = 372034B72B29E1BC00C4F955 /* Products */;
			projectDirPath = "";
			projectRoot = "";
			targets = (
				372034B52B29E1BC00C4F955 /* macadamia */,
				37DC18A02B8669A900F9B37B /* macadamiaTests */,
			);
		};
/* End PBXProject section */

/* Begin PBXResourcesBuildPhase section */
		372034B42B29E1BC00C4F955 /* Resources */ = {
			isa = PBXResourcesBuildPhase;
			buildActionMask = 2147483647;
			files = (
				37E700132B4C0DD100CB1A58 /* Launch Screen.storyboard in Resources */,
				372034C12B29E1BD00C4F955 /* Preview Assets.xcassets in Resources */,
				370A83FF2CB94CCD0039A413 /* .swiftformat in Resources */,
				376F43B22B4FEC0D00E55B0F /* README.md in Resources */,
				377FFF022BC451AB00DD2635 /* release-notes.md in Resources */,
				372034BE2B29E1BD00C4F955 /* Assets.xcassets in Resources */,
			);
			runOnlyForDeploymentPostprocessing = 0;
		};
		37DC189F2B8669A900F9B37B /* Resources */ = {
			isa = PBXResourcesBuildPhase;
			buildActionMask = 2147483647;
			files = (
			);
			runOnlyForDeploymentPostprocessing = 0;
		};
/* End PBXResourcesBuildPhase section */

/* Begin PBXSourcesBuildPhase section */
		372034B22B29E1BC00C4F955 /* Sources */ = {
			isa = PBXSourcesBuildPhase;
			buildActionMask = 2147483647;
			files = (
				372034BC2B29E1BC00C4F955 /* ContentView.swift in Sources */,
				372034BA2B29E1BC00C4F955 /* macadamiaApp.swift in Sources */,
				378B20482D09F3FD003FEEBD /* Error.swift in Sources */,
				379ED0412D4580A900D432D0 /* TOS.swift in Sources */,
				3793B99E2CFCC8F80077F755 /* AppState.swift in Sources */,
			);
			runOnlyForDeploymentPostprocessing = 0;
		};
		37DC189D2B8669A900F9B37B /* Sources */ = {
			isa = PBXSourcesBuildPhase;
			buildActionMask = 2147483647;
			files = (
				37DC18A42B8669A900F9B37B /* macadamiaTests.swift in Sources */,
			);
			runOnlyForDeploymentPostprocessing = 0;
		};
/* End PBXSourcesBuildPhase section */

/* Begin PBXTargetDependency section */
		37DC18A62B8669A900F9B37B /* PBXTargetDependency */ = {
			isa = PBXTargetDependency;
			target = 372034B52B29E1BC00C4F955 /* macadamia */;
			targetProxy = 37DC18A52B8669A900F9B37B /* PBXContainerItemProxy */;
		};
/* End PBXTargetDependency section */

/* Begin XCBuildConfiguration section */
		372034C22B29E1BD00C4F955 /* Debug */ = {
			isa = XCBuildConfiguration;
			buildSettings = {
				ALWAYS_SEARCH_USER_PATHS = NO;
				ASSETCATALOG_COMPILER_GENERATE_SWIFT_ASSET_SYMBOL_EXTENSIONS = YES;
				CLANG_ANALYZER_NONNULL = YES;
				CLANG_ANALYZER_NUMBER_OBJECT_CONVERSION = YES_AGGRESSIVE;
				CLANG_CXX_LANGUAGE_STANDARD = "gnu++20";
				CLANG_ENABLE_MODULES = YES;
				CLANG_ENABLE_OBJC_ARC = YES;
				CLANG_ENABLE_OBJC_WEAK = YES;
				CLANG_WARN_BLOCK_CAPTURE_AUTORELEASING = YES;
				CLANG_WARN_BOOL_CONVERSION = YES;
				CLANG_WARN_COMMA = YES;
				CLANG_WARN_CONSTANT_CONVERSION = YES;
				CLANG_WARN_DEPRECATED_OBJC_IMPLEMENTATIONS = YES;
				CLANG_WARN_DIRECT_OBJC_ISA_USAGE = YES_ERROR;
				CLANG_WARN_DOCUMENTATION_COMMENTS = YES;
				CLANG_WARN_EMPTY_BODY = YES;
				CLANG_WARN_ENUM_CONVERSION = YES;
				CLANG_WARN_INFINITE_RECURSION = YES;
				CLANG_WARN_INT_CONVERSION = YES;
				CLANG_WARN_NON_LITERAL_NULL_CONVERSION = YES;
				CLANG_WARN_OBJC_IMPLICIT_RETAIN_SELF = YES;
				CLANG_WARN_OBJC_LITERAL_CONVERSION = YES;
				CLANG_WARN_OBJC_ROOT_CLASS = YES_ERROR;
				CLANG_WARN_QUOTED_INCLUDE_IN_FRAMEWORK_HEADER = YES;
				CLANG_WARN_RANGE_LOOP_ANALYSIS = YES;
				CLANG_WARN_STRICT_PROTOTYPES = YES;
				CLANG_WARN_SUSPICIOUS_MOVE = YES;
				CLANG_WARN_UNGUARDED_AVAILABILITY = YES_AGGRESSIVE;
				CLANG_WARN_UNREACHABLE_CODE = YES;
				CLANG_WARN__DUPLICATE_METHOD_MATCH = YES;
				COPY_PHASE_STRIP = NO;
				DEBUG_INFORMATION_FORMAT = dwarf;
				ENABLE_STRICT_OBJC_MSGSEND = YES;
				ENABLE_TESTABILITY = YES;
				ENABLE_USER_SCRIPT_SANDBOXING = YES;
				GCC_C_LANGUAGE_STANDARD = gnu17;
				GCC_DYNAMIC_NO_PIC = NO;
				GCC_NO_COMMON_BLOCKS = YES;
				GCC_OPTIMIZATION_LEVEL = 0;
				GCC_PREPROCESSOR_DEFINITIONS = (
					"DEBUG=1",
					"$(inherited)",
				);
				GCC_WARN_64_TO_32_BIT_CONVERSION = YES;
				GCC_WARN_ABOUT_RETURN_TYPE = YES_ERROR;
				GCC_WARN_UNDECLARED_SELECTOR = YES;
				GCC_WARN_UNINITIALIZED_AUTOS = YES_AGGRESSIVE;
				GCC_WARN_UNUSED_FUNCTION = YES;
				GCC_WARN_UNUSED_VARIABLE = YES;
				IPHONEOS_DEPLOYMENT_TARGET = 17.0;
				LOCALIZATION_PREFERS_STRING_CATALOGS = YES;
				MTL_ENABLE_DEBUG_INFO = INCLUDE_SOURCE;
				MTL_FAST_MATH = YES;
				ONLY_ACTIVE_ARCH = YES;
				SDKROOT = iphoneos;
				SWIFT_ACTIVE_COMPILATION_CONDITIONS = "DEBUG $(inherited)";
				SWIFT_OPTIMIZATION_LEVEL = "-Onone";
			};
			name = Debug;
		};
		372034C32B29E1BD00C4F955 /* Release */ = {
			isa = XCBuildConfiguration;
			buildSettings = {
				ALWAYS_SEARCH_USER_PATHS = NO;
				ASSETCATALOG_COMPILER_GENERATE_SWIFT_ASSET_SYMBOL_EXTENSIONS = YES;
				CLANG_ANALYZER_NONNULL = YES;
				CLANG_ANALYZER_NUMBER_OBJECT_CONVERSION = YES_AGGRESSIVE;
				CLANG_CXX_LANGUAGE_STANDARD = "gnu++20";
				CLANG_ENABLE_MODULES = YES;
				CLANG_ENABLE_OBJC_ARC = YES;
				CLANG_ENABLE_OBJC_WEAK = YES;
				CLANG_WARN_BLOCK_CAPTURE_AUTORELEASING = YES;
				CLANG_WARN_BOOL_CONVERSION = YES;
				CLANG_WARN_COMMA = YES;
				CLANG_WARN_CONSTANT_CONVERSION = YES;
				CLANG_WARN_DEPRECATED_OBJC_IMPLEMENTATIONS = YES;
				CLANG_WARN_DIRECT_OBJC_ISA_USAGE = YES_ERROR;
				CLANG_WARN_DOCUMENTATION_COMMENTS = YES;
				CLANG_WARN_EMPTY_BODY = YES;
				CLANG_WARN_ENUM_CONVERSION = YES;
				CLANG_WARN_INFINITE_RECURSION = YES;
				CLANG_WARN_INT_CONVERSION = YES;
				CLANG_WARN_NON_LITERAL_NULL_CONVERSION = YES;
				CLANG_WARN_OBJC_IMPLICIT_RETAIN_SELF = YES;
				CLANG_WARN_OBJC_LITERAL_CONVERSION = YES;
				CLANG_WARN_OBJC_ROOT_CLASS = YES_ERROR;
				CLANG_WARN_QUOTED_INCLUDE_IN_FRAMEWORK_HEADER = YES;
				CLANG_WARN_RANGE_LOOP_ANALYSIS = YES;
				CLANG_WARN_STRICT_PROTOTYPES = YES;
				CLANG_WARN_SUSPICIOUS_MOVE = YES;
				CLANG_WARN_UNGUARDED_AVAILABILITY = YES_AGGRESSIVE;
				CLANG_WARN_UNREACHABLE_CODE = YES;
				CLANG_WARN__DUPLICATE_METHOD_MATCH = YES;
				COPY_PHASE_STRIP = NO;
				DEBUG_INFORMATION_FORMAT = "dwarf-with-dsym";
				ENABLE_NS_ASSERTIONS = NO;
				ENABLE_STRICT_OBJC_MSGSEND = YES;
				ENABLE_USER_SCRIPT_SANDBOXING = YES;
				GCC_C_LANGUAGE_STANDARD = gnu17;
				GCC_NO_COMMON_BLOCKS = YES;
				GCC_WARN_64_TO_32_BIT_CONVERSION = YES;
				GCC_WARN_ABOUT_RETURN_TYPE = YES_ERROR;
				GCC_WARN_UNDECLARED_SELECTOR = YES;
				GCC_WARN_UNINITIALIZED_AUTOS = YES_AGGRESSIVE;
				GCC_WARN_UNUSED_FUNCTION = YES;
				GCC_WARN_UNUSED_VARIABLE = YES;
				IPHONEOS_DEPLOYMENT_TARGET = 17.0;
				LOCALIZATION_PREFERS_STRING_CATALOGS = YES;
				MTL_ENABLE_DEBUG_INFO = NO;
				MTL_FAST_MATH = YES;
				SDKROOT = iphoneos;
				SWIFT_COMPILATION_MODE = wholemodule;
				VALIDATE_PRODUCT = YES;
			};
			name = Release;
		};
		372034C52B29E1BD00C4F955 /* Debug */ = {
			isa = XCBuildConfiguration;
			buildSettings = {
				ASSETCATALOG_COMPILER_APPICON_NAME = AppIcon;
				ASSETCATALOG_COMPILER_GLOBAL_ACCENT_COLOR_NAME = AccentColor;
				ASSETCATALOG_COMPILER_INCLUDE_ALL_APPICON_ASSETS = NO;
				CODE_SIGN_STYLE = Automatic;
				CURRENT_PROJECT_VERSION = 1;
				DEVELOPMENT_ASSET_PATHS = "\"macadamia/Preview Content\"";
				DEVELOPMENT_TEAM = W285RX5S82;
				ENABLE_PREVIEWS = YES;
				GENERATE_INFOPLIST_FILE = YES;
				INFOPLIST_FILE = macadamia/Info.plist;
				INFOPLIST_KEY_CFBundleDisplayName = macadamia;
				INFOPLIST_KEY_LSApplicationCategoryType = "public.app-category.finance";
				INFOPLIST_KEY_NSCameraUsageDescription = "macadamia uses your device's camera to read the QR-codes of lightning invoices.";
				INFOPLIST_KEY_UIApplicationSceneManifest_Generation = YES;
				INFOPLIST_KEY_UIApplicationSupportsIndirectInputEvents = YES;
				INFOPLIST_KEY_UILaunchStoryboardName = "Launch Screen.storyboard";
				INFOPLIST_KEY_UISupportedInterfaceOrientations = UIInterfaceOrientationPortrait;
				INFOPLIST_KEY_UISupportedInterfaceOrientations_iPad = "UIInterfaceOrientationLandscapeLeft UIInterfaceOrientationLandscapeRight UIInterfaceOrientationPortrait UIInterfaceOrientationPortraitUpsideDown";
				IPHONEOS_DEPLOYMENT_TARGET = 17.5;
				LD_RUNPATH_SEARCH_PATHS = (
					"$(inherited)",
					"@executable_path/Frameworks",
				);
				MARKETING_VERSION = 0.2.4;
				PRODUCT_BUNDLE_IDENTIFIER = com.cypherbase.macadamia;
				PRODUCT_NAME = "$(TARGET_NAME)";
				SUPPORTED_PLATFORMS = "iphoneos iphonesimulator";
				SUPPORTS_MACCATALYST = NO;
				SUPPORTS_MAC_DESIGNED_FOR_IPHONE_IPAD = YES;
				SUPPORTS_XR_DESIGNED_FOR_IPHONE_IPAD = NO;
				SWIFT_EMIT_LOC_STRINGS = YES;
				SWIFT_VERSION = 5.0;
				TARGETED_DEVICE_FAMILY = 1;
			};
			name = Debug;
		};
		372034C62B29E1BD00C4F955 /* Release */ = {
			isa = XCBuildConfiguration;
			buildSettings = {
				ASSETCATALOG_COMPILER_APPICON_NAME = AppIcon;
				ASSETCATALOG_COMPILER_GLOBAL_ACCENT_COLOR_NAME = AccentColor;
				ASSETCATALOG_COMPILER_INCLUDE_ALL_APPICON_ASSETS = NO;
				CODE_SIGN_STYLE = Automatic;
				CURRENT_PROJECT_VERSION = 1;
				DEVELOPMENT_ASSET_PATHS = "\"macadamia/Preview Content\"";
				DEVELOPMENT_TEAM = W285RX5S82;
				ENABLE_PREVIEWS = YES;
				GENERATE_INFOPLIST_FILE = YES;
				INFOPLIST_FILE = macadamia/Info.plist;
				INFOPLIST_KEY_CFBundleDisplayName = macadamia;
				INFOPLIST_KEY_LSApplicationCategoryType = "public.app-category.finance";
				INFOPLIST_KEY_NSCameraUsageDescription = "macadamia uses your device's camera to read the QR-codes of lightning invoices.";
				INFOPLIST_KEY_UIApplicationSceneManifest_Generation = YES;
				INFOPLIST_KEY_UIApplicationSupportsIndirectInputEvents = YES;
				INFOPLIST_KEY_UILaunchStoryboardName = "Launch Screen.storyboard";
				INFOPLIST_KEY_UISupportedInterfaceOrientations = UIInterfaceOrientationPortrait;
				INFOPLIST_KEY_UISupportedInterfaceOrientations_iPad = "UIInterfaceOrientationLandscapeLeft UIInterfaceOrientationLandscapeRight UIInterfaceOrientationPortrait UIInterfaceOrientationPortraitUpsideDown";
				IPHONEOS_DEPLOYMENT_TARGET = 17.5;
				LD_RUNPATH_SEARCH_PATHS = (
					"$(inherited)",
					"@executable_path/Frameworks",
				);
				MARKETING_VERSION = 0.2.4;
				PRODUCT_BUNDLE_IDENTIFIER = com.cypherbase.macadamia;
				PRODUCT_NAME = "$(TARGET_NAME)";
				SUPPORTED_PLATFORMS = "iphoneos iphonesimulator";
				SUPPORTS_MACCATALYST = NO;
				SUPPORTS_MAC_DESIGNED_FOR_IPHONE_IPAD = YES;
				SUPPORTS_XR_DESIGNED_FOR_IPHONE_IPAD = NO;
				SWIFT_EMIT_LOC_STRINGS = YES;
				SWIFT_VERSION = 5.0;
				TARGETED_DEVICE_FAMILY = 1;
			};
			name = Release;
		};
		37DC18A82B8669A900F9B37B /* Debug */ = {
			isa = XCBuildConfiguration;
			buildSettings = {
				BUNDLE_LOADER = "$(TEST_HOST)";
				CODE_SIGN_STYLE = Automatic;
				CURRENT_PROJECT_VERSION = 1;
				DEVELOPMENT_TEAM = AN6VRTK6TB;
				GENERATE_INFOPLIST_FILE = YES;
				MARKETING_VERSION = 1.0;
				PRODUCT_BUNDLE_IDENTIFIER = zeugmaster.macadamiaTests;
				PRODUCT_NAME = "$(TARGET_NAME)";
				SWIFT_EMIT_LOC_STRINGS = NO;
				SWIFT_VERSION = 5.0;
				TARGETED_DEVICE_FAMILY = "1,2";
				TEST_HOST = "$(BUILT_PRODUCTS_DIR)/macadamia.app/$(BUNDLE_EXECUTABLE_FOLDER_PATH)/macadamia";
			};
			name = Debug;
		};
		37DC18A92B8669A900F9B37B /* Release */ = {
			isa = XCBuildConfiguration;
			buildSettings = {
				BUNDLE_LOADER = "$(TEST_HOST)";
				CODE_SIGN_STYLE = Automatic;
				CURRENT_PROJECT_VERSION = 1;
				DEVELOPMENT_TEAM = AN6VRTK6TB;
				GENERATE_INFOPLIST_FILE = YES;
				MARKETING_VERSION = 1.0;
				PRODUCT_BUNDLE_IDENTIFIER = zeugmaster.macadamiaTests;
				PRODUCT_NAME = "$(TARGET_NAME)";
				SWIFT_EMIT_LOC_STRINGS = NO;
				SWIFT_VERSION = 5.0;
				TARGETED_DEVICE_FAMILY = "1,2";
				TEST_HOST = "$(BUILT_PRODUCTS_DIR)/macadamia.app/$(BUNDLE_EXECUTABLE_FOLDER_PATH)/macadamia";
			};
			name = Release;
		};
/* End XCBuildConfiguration section */

/* Begin XCConfigurationList section */
		372034B12B29E1BC00C4F955 /* Build configuration list for PBXProject "macadamia" */ = {
			isa = XCConfigurationList;
			buildConfigurations = (
				372034C22B29E1BD00C4F955 /* Debug */,
				372034C32B29E1BD00C4F955 /* Release */,
			);
			defaultConfigurationIsVisible = 0;
			defaultConfigurationName = Release;
		};
		372034C42B29E1BD00C4F955 /* Build configuration list for PBXNativeTarget "macadamia" */ = {
			isa = XCConfigurationList;
			buildConfigurations = (
				372034C52B29E1BD00C4F955 /* Debug */,
				372034C62B29E1BD00C4F955 /* Release */,
			);
			defaultConfigurationIsVisible = 0;
			defaultConfigurationName = Release;
		};
		37DC18A72B8669A900F9B37B /* Build configuration list for PBXNativeTarget "macadamiaTests" */ = {
			isa = XCConfigurationList;
			buildConfigurations = (
				37DC18A82B8669A900F9B37B /* Debug */,
				37DC18A92B8669A900F9B37B /* Release */,
			);
			defaultConfigurationIsVisible = 0;
			defaultConfigurationName = Release;
		};
/* End XCConfigurationList section */

/* Begin XCRemoteSwiftPackageReference section */
		37049E242BD54A2E00BBAC4E /* XCRemoteSwiftPackageReference "URUI" */ = {
			isa = XCRemoteSwiftPackageReference;
			repositoryURL = "https://github.com/BlockchainCommons/URUI.git";
			requirement = {
				kind = upToNextMajorVersion;
				minimumVersion = 11.0.0;
			};
		};
		370A84052CC18AEE0039A413 /* XCRemoteSwiftPackageReference "SwiftUI-Flow" */ = {
			isa = XCRemoteSwiftPackageReference;
			repositoryURL = "https://github.com/tevelee/SwiftUI-Flow.git";
			requirement = {
				kind = upToNextMajorVersion;
				minimumVersion = 2.5.0;
			};
		};
		376E88412BE5468B0026FF8D /* XCRemoteSwiftPackageReference "Popovers" */ = {
			isa = XCRemoteSwiftPackageReference;
			repositoryURL = "https://github.com/aheze/Popovers.git";
			requirement = {
				kind = upToNextMajorVersion;
				minimumVersion = 1.3.2;
			};
		};
		377FFEFE2BC43B6900DD2635 /* XCRemoteSwiftPackageReference "swift-markdown-ui" */ = {
			isa = XCRemoteSwiftPackageReference;
			repositoryURL = "https://github.com/gonzalezreal/swift-markdown-ui.git";
			requirement = {
				kind = upToNextMajorVersion;
				minimumVersion = 2.3.0;
			};
		};
		378521842D394BB8008E07A3 /* XCRemoteSwiftPackageReference "cashu-swift" */ = {
			isa = XCRemoteSwiftPackageReference;
			repositoryURL = "https://github.com/zeugmaster/cashu-swift.git";
			requirement = {
				branch = main;
				kind = branch;
			};
		};
		3792122C2B29E7520081F161 /* XCRemoteSwiftPackageReference "Swift-BigInt" */ = {
			isa = XCRemoteSwiftPackageReference;
			repositoryURL = "https://github.com/mkrd/Swift-BigInt.git";
			requirement = {
				branch = master;
				kind = branch;
			};
		};
		379212322B29E7B30081F161 /* XCRemoteSwiftPackageReference "BIP39" */ = {
			isa = XCRemoteSwiftPackageReference;
			repositoryURL = "https://github.com/pengpengliu/BIP39";
			requirement = {
				branch = master;
				kind = branch;
			};
		};
		379BDF572B421855008FD0E7 /* XCRemoteSwiftPackageReference "nostr-sdk-ios" */ = {
			isa = XCRemoteSwiftPackageReference;
			repositoryURL = "https://github.com/zeugmaster/nostr-sdk-ios.git";
			requirement = {
				branch = main;
				kind = branch;
			};
		};
/* End XCRemoteSwiftPackageReference section */

/* Begin XCSwiftPackageProductDependency section */
		37049E252BD54A2E00BBAC4E /* URUI */ = {
			isa = XCSwiftPackageProductDependency;
			package = 37049E242BD54A2E00BBAC4E /* XCRemoteSwiftPackageReference "URUI" */;
			productName = URUI;
		};
		370A84062CC18AEE0039A413 /* Flow */ = {
			isa = XCSwiftPackageProductDependency;
			package = 370A84052CC18AEE0039A413 /* XCRemoteSwiftPackageReference "SwiftUI-Flow" */;
			productName = Flow;
		};
		376E88422BE5468B0026FF8D /* Popovers */ = {
			isa = XCSwiftPackageProductDependency;
			package = 376E88412BE5468B0026FF8D /* XCRemoteSwiftPackageReference "Popovers" */;
			productName = Popovers;
		};
		377FFEFF2BC43B6900DD2635 /* MarkdownUI */ = {
			isa = XCSwiftPackageProductDependency;
			package = 377FFEFE2BC43B6900DD2635 /* XCRemoteSwiftPackageReference "swift-markdown-ui" */;
			productName = MarkdownUI;
		};
		378521852D394BB8008E07A3 /* CashuSwift */ = {
			isa = XCSwiftPackageProductDependency;
			package = 378521842D394BB8008E07A3 /* XCRemoteSwiftPackageReference "cashu-swift" */;
			productName = CashuSwift;
		};
		3792122D2B29E7520081F161 /* BigNumber */ = {
			isa = XCSwiftPackageProductDependency;
			package = 3792122C2B29E7520081F161 /* XCRemoteSwiftPackageReference "Swift-BigInt" */;
			productName = BigNumber;
		};
		379212332B29E7B30081F161 /* BIP39 */ = {
			isa = XCSwiftPackageProductDependency;
			package = 379212322B29E7B30081F161 /* XCRemoteSwiftPackageReference "BIP39" */;
			productName = BIP39;
		};
		379BDF582B421855008FD0E7 /* NostrSDK */ = {
			isa = XCSwiftPackageProductDependency;
			package = 379BDF572B421855008FD0E7 /* XCRemoteSwiftPackageReference "nostr-sdk-ios" */;
			productName = NostrSDK;
		};
/* End XCSwiftPackageProductDependency section */
	};
	rootObject = 372034AE2B29E1BC00C4F955 /* Project object */;
}
