// !$*UTF8*$!
{
	archiveVersion = 1;
	classes = {
	};
	objectVersion = 56;
	objects = {

/* Begin PBXBuildFile section */
		372034BA2B29E1BC00C4F955 /* macadamiaApp.swift in Sources */ = {isa = PBXBuildFile; fileRef = 372034B92B29E1BC00C4F955 /* macadamiaApp.swift */; };
		372034BC2B29E1BC00C4F955 /* ContentView.swift in Sources */ = {isa = PBXBuildFile; fileRef = 372034BB2B29E1BC00C4F955 /* ContentView.swift */; };
		372034BE2B29E1BD00C4F955 /* Assets.xcassets in Resources */ = {isa = PBXBuildFile; fileRef = 372034BD2B29E1BD00C4F955 /* Assets.xcassets */; };
		372034C12B29E1BD00C4F955 /* Preview Assets.xcassets in Resources */ = {isa = PBXBuildFile; fileRef = 372034C02B29E1BD00C4F955 /* Preview Assets.xcassets */; };
		3743CE582B47798800F862AB /* NostrSendView.swift in Sources */ = {isa = PBXBuildFile; fileRef = 3743CE572B47798800F862AB /* NostrSendView.swift */; };
		3743CE5A2B485BF800F862AB /* ReceiveView.swift in Sources */ = {isa = PBXBuildFile; fileRef = 3743CE592B485BF800F862AB /* ReceiveView.swift */; };
		3743CE5E2B48A94D00F862AB /* MeltView.swift in Sources */ = {isa = PBXBuildFile; fileRef = 3743CE5D2B48A94D00F862AB /* MeltView.swift */; };
		3743CE612B48AD3900F862AB /* CodeScanner in Frameworks */ = {isa = PBXBuildFile; productRef = 3743CE602B48AD3900F862AB /* CodeScanner */; };
		3743CE642B494C3D00F862AB /* RestoreView.swift in Sources */ = {isa = PBXBuildFile; fileRef = 3743CE632B494C3D00F862AB /* RestoreView.swift */; };
		3743CE662B49B7D600F862AB /* NostrProfileMessageView.swift in Sources */ = {isa = PBXBuildFile; fileRef = 3743CE652B49B7D600F862AB /* NostrProfileMessageView.swift */; };
		3743CE682B4AA67600F862AB /* TransactionDetailView.swift in Sources */ = {isa = PBXBuildFile; fileRef = 3743CE672B4AA67600F862AB /* TransactionDetailView.swift */; };
		3780EEE62B2B5C3F00971AE7 /* QRView.swift in Sources */ = {isa = PBXBuildFile; fileRef = 3780EEE52B2B5C3F00971AE7 /* QRView.swift */; };
		379212262B29E6580081F161 /* model.swift in Sources */ = {isa = PBXBuildFile; fileRef = 3792121F2B29E6580081F161 /* model.swift */; };
		379212272B29E6580081F161 /* data.swift in Sources */ = {isa = PBXBuildFile; fileRef = 379212202B29E6580081F161 /* data.swift */; };
		379212282B29E6580081F161 /* network.swift in Sources */ = {isa = PBXBuildFile; fileRef = 379212212B29E6580081F161 /* network.swift */; };
		379212292B29E6580081F161 /* crypto.swift in Sources */ = {isa = PBXBuildFile; fileRef = 379212222B29E6580081F161 /* crypto.swift */; };
		3792122A2B29E6580081F161 /* Base64FS.swift in Sources */ = {isa = PBXBuildFile; fileRef = 379212232B29E6580081F161 /* Base64FS.swift */; };
		3792122B2B29E6580081F161 /* cashu.swift in Sources */ = {isa = PBXBuildFile; fileRef = 379212242B29E6580081F161 /* cashu.swift */; };
		3792122E2B29E7520081F161 /* BigNumber in Frameworks */ = {isa = PBXBuildFile; productRef = 3792122D2B29E7520081F161 /* BigNumber */; };
		379212312B29E7900081F161 /* BIP32 in Frameworks */ = {isa = PBXBuildFile; productRef = 379212302B29E7900081F161 /* BIP32 */; };
		379212342B29E7B30081F161 /* BIP39 in Frameworks */ = {isa = PBXBuildFile; productRef = 379212332B29E7B30081F161 /* BIP39 */; };
		3792123A2B2A36830081F161 /* WalletView.swift in Sources */ = {isa = PBXBuildFile; fileRef = 379212392B2A36830081F161 /* WalletView.swift */; };
		3792123C2B2A36970081F161 /* SettingsView.swift in Sources */ = {isa = PBXBuildFile; fileRef = 3792123B2B2A36970081F161 /* SettingsView.swift */; };
		3792123E2B2AFFC40081F161 /* MintRequestView.swift in Sources */ = {isa = PBXBuildFile; fileRef = 3792123D2B2AFFC40081F161 /* MintRequestView.swift */; };
		379BDF592B421855008FD0E7 /* NostrSDK in Frameworks */ = {isa = PBXBuildFile; productRef = 379BDF582B421855008FD0E7 /* NostrSDK */; };
		379BDF5D2B42C554008FD0E7 /* NostrContentView.swift in Sources */ = {isa = PBXBuildFile; fileRef = 379BDF5B2B42C554008FD0E7 /* NostrContentView.swift */; };
		379BDF5E2B42C554008FD0E7 /* nostr.swift in Sources */ = {isa = PBXBuildFile; fileRef = 379BDF5C2B42C554008FD0E7 /* nostr.swift */; };
		379BDF602B430765008FD0E7 /* RelayManagerView.swift in Sources */ = {isa = PBXBuildFile; fileRef = 379BDF5F2B430765008FD0E7 /* RelayManagerView.swift */; };
		379BDF622B430775008FD0E7 /* MintManagerView.swift in Sources */ = {isa = PBXBuildFile; fileRef = 379BDF612B430775008FD0E7 /* MintManagerView.swift */; };
		379BDF652B447138008FD0E7 /* UIHelpers.swift in Sources */ = {isa = PBXBuildFile; fileRef = 379BDF642B447138008FD0E7 /* UIHelpers.swift */; };
		379BDF672B4696B6008FD0E7 /* MnemonicView.swift in Sources */ = {isa = PBXBuildFile; fileRef = 379BDF662B4696B6008FD0E7 /* MnemonicView.swift */; };
		379BDF692B46F31E008FD0E7 /* SendView.swift in Sources */ = {isa = PBXBuildFile; fileRef = 379BDF682B46F31E008FD0E7 /* SendView.swift */; };
/* End PBXBuildFile section */

/* Begin PBXFileReference section */
		372034B62B29E1BC00C4F955 /* macadamia.app */ = {isa = PBXFileReference; explicitFileType = wrapper.application; includeInIndex = 0; path = macadamia.app; sourceTree = BUILT_PRODUCTS_DIR; };
		372034B92B29E1BC00C4F955 /* macadamiaApp.swift */ = {isa = PBXFileReference; lastKnownFileType = sourcecode.swift; path = macadamiaApp.swift; sourceTree = "<group>"; };
		372034BB2B29E1BC00C4F955 /* ContentView.swift */ = {isa = PBXFileReference; lastKnownFileType = sourcecode.swift; path = ContentView.swift; sourceTree = "<group>"; };
		372034BD2B29E1BD00C4F955 /* Assets.xcassets */ = {isa = PBXFileReference; lastKnownFileType = folder.assetcatalog; path = Assets.xcassets; sourceTree = "<group>"; };
		372034C02B29E1BD00C4F955 /* Preview Assets.xcassets */ = {isa = PBXFileReference; lastKnownFileType = folder.assetcatalog; path = "Preview Assets.xcassets"; sourceTree = "<group>"; };
		3743CE572B47798800F862AB /* NostrSendView.swift */ = {isa = PBXFileReference; lastKnownFileType = sourcecode.swift; path = NostrSendView.swift; sourceTree = "<group>"; };
		3743CE592B485BF800F862AB /* ReceiveView.swift */ = {isa = PBXFileReference; lastKnownFileType = sourcecode.swift; path = ReceiveView.swift; sourceTree = "<group>"; };
		3743CE5D2B48A94D00F862AB /* MeltView.swift */ = {isa = PBXFileReference; lastKnownFileType = sourcecode.swift; path = MeltView.swift; sourceTree = "<group>"; };
		3743CE622B48AFA000F862AB /* Info.plist */ = {isa = PBXFileReference; lastKnownFileType = text.plist; path = Info.plist; sourceTree = "<group>"; };
		3743CE632B494C3D00F862AB /* RestoreView.swift */ = {isa = PBXFileReference; lastKnownFileType = sourcecode.swift; path = RestoreView.swift; sourceTree = "<group>"; };
		3743CE652B49B7D600F862AB /* NostrProfileMessageView.swift */ = {isa = PBXFileReference; lastKnownFileType = sourcecode.swift; path = NostrProfileMessageView.swift; sourceTree = "<group>"; };
		3743CE672B4AA67600F862AB /* TransactionDetailView.swift */ = {isa = PBXFileReference; lastKnownFileType = sourcecode.swift; path = TransactionDetailView.swift; sourceTree = "<group>"; };
		3780EEE52B2B5C3F00971AE7 /* QRView.swift */ = {isa = PBXFileReference; lastKnownFileType = sourcecode.swift; path = QRView.swift; sourceTree = "<group>"; };
		3792121F2B29E6580081F161 /* model.swift */ = {isa = PBXFileReference; fileEncoding = 4; lastKnownFileType = sourcecode.swift; path = model.swift; sourceTree = "<group>"; };
		379212202B29E6580081F161 /* data.swift */ = {isa = PBXFileReference; fileEncoding = 4; lastKnownFileType = sourcecode.swift; path = data.swift; sourceTree = "<group>"; };
		379212212B29E6580081F161 /* network.swift */ = {isa = PBXFileReference; fileEncoding = 4; lastKnownFileType = sourcecode.swift; path = network.swift; sourceTree = "<group>"; };
		379212222B29E6580081F161 /* crypto.swift */ = {isa = PBXFileReference; fileEncoding = 4; lastKnownFileType = sourcecode.swift; path = crypto.swift; sourceTree = "<group>"; };
		379212232B29E6580081F161 /* Base64FS.swift */ = {isa = PBXFileReference; fileEncoding = 4; lastKnownFileType = sourcecode.swift; path = Base64FS.swift; sourceTree = "<group>"; };
		379212242B29E6580081F161 /* cashu.swift */ = {isa = PBXFileReference; fileEncoding = 4; lastKnownFileType = sourcecode.swift; path = cashu.swift; sourceTree = "<group>"; };
		379212252B29E6580081F161 /* macadamia-cli.entitlements */ = {isa = PBXFileReference; fileEncoding = 4; lastKnownFileType = text.plist.entitlements; name = "macadamia-cli.entitlements"; path = "macadamia-cli/macadamia-cli.entitlements"; sourceTree = SOURCE_ROOT; };
		379212392B2A36830081F161 /* WalletView.swift */ = {isa = PBXFileReference; lastKnownFileType = sourcecode.swift; path = WalletView.swift; sourceTree = "<group>"; };
		3792123B2B2A36970081F161 /* SettingsView.swift */ = {isa = PBXFileReference; lastKnownFileType = sourcecode.swift; path = SettingsView.swift; sourceTree = "<group>"; };
		3792123D2B2AFFC40081F161 /* MintRequestView.swift */ = {isa = PBXFileReference; lastKnownFileType = sourcecode.swift; path = MintRequestView.swift; sourceTree = "<group>"; };
		379BDF5B2B42C554008FD0E7 /* NostrContentView.swift */ = {isa = PBXFileReference; fileEncoding = 4; lastKnownFileType = sourcecode.swift; path = NostrContentView.swift; sourceTree = "<group>"; };
		379BDF5C2B42C554008FD0E7 /* nostr.swift */ = {isa = PBXFileReference; fileEncoding = 4; lastKnownFileType = sourcecode.swift; path = nostr.swift; sourceTree = "<group>"; };
		379BDF5F2B430765008FD0E7 /* RelayManagerView.swift */ = {isa = PBXFileReference; lastKnownFileType = sourcecode.swift; path = RelayManagerView.swift; sourceTree = "<group>"; };
		379BDF612B430775008FD0E7 /* MintManagerView.swift */ = {isa = PBXFileReference; lastKnownFileType = sourcecode.swift; path = MintManagerView.swift; sourceTree = "<group>"; };
		379BDF642B447138008FD0E7 /* UIHelpers.swift */ = {isa = PBXFileReference; lastKnownFileType = sourcecode.swift; path = UIHelpers.swift; sourceTree = "<group>"; };
		379BDF662B4696B6008FD0E7 /* MnemonicView.swift */ = {isa = PBXFileReference; lastKnownFileType = sourcecode.swift; path = MnemonicView.swift; sourceTree = "<group>"; };
		379BDF682B46F31E008FD0E7 /* SendView.swift */ = {isa = PBXFileReference; lastKnownFileType = sourcecode.swift; path = SendView.swift; sourceTree = "<group>"; };
/* End PBXFileReference section */

/* Begin PBXFrameworksBuildPhase section */
		372034B32B29E1BC00C4F955 /* Frameworks */ = {
			isa = PBXFrameworksBuildPhase;
			buildActionMask = 2147483647;
			files = (
				379BDF592B421855008FD0E7 /* NostrSDK in Frameworks */,
				379212342B29E7B30081F161 /* BIP39 in Frameworks */,
				3792122E2B29E7520081F161 /* BigNumber in Frameworks */,
				379212312B29E7900081F161 /* BIP32 in Frameworks */,
				3743CE612B48AD3900F862AB /* CodeScanner in Frameworks */,
			);
			runOnlyForDeploymentPostprocessing = 0;
		};
/* End PBXFrameworksBuildPhase section */

/* Begin PBXGroup section */
		372034AD2B29E1BC00C4F955 = {
			isa = PBXGroup;
			children = (
				372034B82B29E1BC00C4F955 /* macadamia */,
				372034B72B29E1BC00C4F955 /* Products */,
			);
			sourceTree = "<group>";
		};
		372034B72B29E1BC00C4F955 /* Products */ = {
			isa = PBXGroup;
			children = (
				372034B62B29E1BC00C4F955 /* macadamia.app */,
			);
			name = Products;
			sourceTree = "<group>";
		};
		372034B82B29E1BC00C4F955 /* macadamia */ = {
			isa = PBXGroup;
			children = (
				3743CE622B48AFA000F862AB /* Info.plist */,
				372034B92B29E1BC00C4F955 /* macadamiaApp.swift */,
				372034BB2B29E1BC00C4F955 /* ContentView.swift */,
				379212392B2A36830081F161 /* WalletView.swift */,
				3792123D2B2AFFC40081F161 /* MintRequestView.swift */,
				379BDF642B447138008FD0E7 /* UIHelpers.swift */,
				3780EEE52B2B5C3F00971AE7 /* QRView.swift */,
				379BDF682B46F31E008FD0E7 /* SendView.swift */,
				3743CE592B485BF800F862AB /* ReceiveView.swift */,
				3743CE5D2B48A94D00F862AB /* MeltView.swift */,
				3743CE672B4AA67600F862AB /* TransactionDetailView.swift */,
				379BDF632B430F32008FD0E7 /* Settings */,
				379BDF5A2B42C4C4008FD0E7 /* nostr */,
				3792121E2B29E6580081F161 /* cashu */,
				379212252B29E6580081F161 /* macadamia-cli.entitlements */,
				372034BD2B29E1BD00C4F955 /* Assets.xcassets */,
				372034BF2B29E1BD00C4F955 /* Preview Content */,
			);
			path = macadamia;
			sourceTree = "<group>";
		};
		372034BF2B29E1BD00C4F955 /* Preview Content */ = {
			isa = PBXGroup;
			children = (
				372034C02B29E1BD00C4F955 /* Preview Assets.xcassets */,
			);
			path = "Preview Content";
			sourceTree = "<group>";
		};
		3792121E2B29E6580081F161 /* cashu */ = {
			isa = PBXGroup;
			children = (
				379212242B29E6580081F161 /* cashu.swift */,
				3792121F2B29E6580081F161 /* model.swift */,
				379212202B29E6580081F161 /* data.swift */,
				379212212B29E6580081F161 /* network.swift */,
				379212222B29E6580081F161 /* crypto.swift */,
				379212232B29E6580081F161 /* Base64FS.swift */,
			);
			name = cashu;
			path = "macadamia-cli/cashu";
			sourceTree = SOURCE_ROOT;
		};
		379BDF5A2B42C4C4008FD0E7 /* nostr */ = {
			isa = PBXGroup;
			children = (
				379BDF5B2B42C554008FD0E7 /* NostrContentView.swift */,
				3743CE652B49B7D600F862AB /* NostrProfileMessageView.swift */,
				3743CE572B47798800F862AB /* NostrSendView.swift */,
				379BDF5C2B42C554008FD0E7 /* nostr.swift */,
			);
			path = nostr;
			sourceTree = "<group>";
		};
		379BDF632B430F32008FD0E7 /* Settings */ = {
			isa = PBXGroup;
			children = (
				3792123B2B2A36970081F161 /* SettingsView.swift */,
				3743CE632B494C3D00F862AB /* RestoreView.swift */,
				379BDF5F2B430765008FD0E7 /* RelayManagerView.swift */,
				379BDF612B430775008FD0E7 /* MintManagerView.swift */,
				379BDF662B4696B6008FD0E7 /* MnemonicView.swift */,
			);
			name = Settings;
			sourceTree = "<group>";
		};
/* End PBXGroup section */

/* Begin PBXNativeTarget section */
		372034B52B29E1BC00C4F955 /* macadamia */ = {
			isa = PBXNativeTarget;
			buildConfigurationList = 372034C42B29E1BD00C4F955 /* Build configuration list for PBXNativeTarget "macadamia" */;
			buildPhases = (
				372034B22B29E1BC00C4F955 /* Sources */,
				372034B32B29E1BC00C4F955 /* Frameworks */,
				372034B42B29E1BC00C4F955 /* Resources */,
			);
			buildRules = (
			);
			dependencies = (
			);
			name = macadamia;
			packageProductDependencies = (
				3792122D2B29E7520081F161 /* BigNumber */,
				379212302B29E7900081F161 /* BIP32 */,
				379212332B29E7B30081F161 /* BIP39 */,
				379BDF582B421855008FD0E7 /* NostrSDK */,
				3743CE602B48AD3900F862AB /* CodeScanner */,
			);
			productName = macadamia;
			productReference = 372034B62B29E1BC00C4F955 /* macadamia.app */;
			productType = "com.apple.product-type.application";
		};
/* End PBXNativeTarget section */

/* Begin PBXProject section */
		372034AE2B29E1BC00C4F955 /* Project object */ = {
			isa = PBXProject;
			attributes = {
				BuildIndependentTargetsInParallel = 1;
				LastSwiftUpdateCheck = 1500;
				LastUpgradeCheck = 1500;
				TargetAttributes = {
					372034B52B29E1BC00C4F955 = {
						CreatedOnToolsVersion = 15.0.1;
					};
				};
			};
			buildConfigurationList = 372034B12B29E1BC00C4F955 /* Build configuration list for PBXProject "macadamia" */;
			compatibilityVersion = "Xcode 14.0";
			developmentRegion = en;
			hasScannedForEncodings = 0;
			knownRegions = (
				en,
				Base,
			);
			mainGroup = 372034AD2B29E1BC00C4F955;
			packageReferences = (
				3792122C2B29E7520081F161 /* XCRemoteSwiftPackageReference "Swift-BigInt" */,
				3792122F2B29E7900081F161 /* XCRemoteSwiftPackageReference "BIP32" */,
				379212322B29E7B30081F161 /* XCRemoteSwiftPackageReference "BIP39" */,
				379BDF572B421855008FD0E7 /* XCRemoteSwiftPackageReference "nostr-sdk-ios" */,
				3743CE5F2B48AD3900F862AB /* XCRemoteSwiftPackageReference "CodeScanner" */,
			);
			productRefGroup = 372034B72B29E1BC00C4F955 /* Products */;
			projectDirPath = "";
			projectRoot = "";
			targets = (
				372034B52B29E1BC00C4F955 /* macadamia */,
			);
		};
/* End PBXProject section */

/* Begin PBXResourcesBuildPhase section */
		372034B42B29E1BC00C4F955 /* Resources */ = {
			isa = PBXResourcesBuildPhase;
			buildActionMask = 2147483647;
			files = (
				372034C12B29E1BD00C4F955 /* Preview Assets.xcassets in Resources */,
				372034BE2B29E1BD00C4F955 /* Assets.xcassets in Resources */,
			);
			runOnlyForDeploymentPostprocessing = 0;
		};
/* End PBXResourcesBuildPhase section */

/* Begin PBXSourcesBuildPhase section */
		372034B22B29E1BC00C4F955 /* Sources */ = {
			isa = PBXSourcesBuildPhase;
			buildActionMask = 2147483647;
			files = (
				372034BC2B29E1BC00C4F955 /* ContentView.swift in Sources */,
				3743CE642B494C3D00F862AB /* RestoreView.swift in Sources */,
				3743CE582B47798800F862AB /* NostrSendView.swift in Sources */,
				379BDF602B430765008FD0E7 /* RelayManagerView.swift in Sources */,
				3780EEE62B2B5C3F00971AE7 /* QRView.swift in Sources */,
				3792123A2B2A36830081F161 /* WalletView.swift in Sources */,
				379212262B29E6580081F161 /* model.swift in Sources */,
				3792122B2B29E6580081F161 /* cashu.swift in Sources */,
				3792122A2B29E6580081F161 /* Base64FS.swift in Sources */,
				379BDF692B46F31E008FD0E7 /* SendView.swift in Sources */,
				379212282B29E6580081F161 /* network.swift in Sources */,
				3743CE682B4AA67600F862AB /* TransactionDetailView.swift in Sources */,
				379BDF672B4696B6008FD0E7 /* MnemonicView.swift in Sources */,
				372034BA2B29E1BC00C4F955 /* macadamiaApp.swift in Sources */,
				3792123E2B2AFFC40081F161 /* MintRequestView.swift in Sources */,
				379BDF652B447138008FD0E7 /* UIHelpers.swift in Sources */,
				379212292B29E6580081F161 /* crypto.swift in Sources */,
				3743CE662B49B7D600F862AB /* NostrProfileMessageView.swift in Sources */,
				3743CE5A2B485BF800F862AB /* ReceiveView.swift in Sources */,
				3743CE5E2B48A94D00F862AB /* MeltView.swift in Sources */,
				379BDF5D2B42C554008FD0E7 /* NostrContentView.swift in Sources */,
				379212272B29E6580081F161 /* data.swift in Sources */,
				3792123C2B2A36970081F161 /* SettingsView.swift in Sources */,
				379BDF622B430775008FD0E7 /* MintManagerView.swift in Sources */,
				379BDF5E2B42C554008FD0E7 /* nostr.swift in Sources */,
			);
			runOnlyForDeploymentPostprocessing = 0;
		};
/* End PBXSourcesBuildPhase section */

/* Begin XCBuildConfiguration section */
		372034C22B29E1BD00C4F955 /* Debug */ = {
			isa = XCBuildConfiguration;
			buildSettings = {
				ALWAYS_SEARCH_USER_PATHS = NO;
				ASSETCATALOG_COMPILER_GENERATE_SWIFT_ASSET_SYMBOL_EXTENSIONS = YES;
				CLANG_ANALYZER_NONNULL = YES;
				CLANG_ANALYZER_NUMBER_OBJECT_CONVERSION = YES_AGGRESSIVE;
				CLANG_CXX_LANGUAGE_STANDARD = "gnu++20";
				CLANG_ENABLE_MODULES = YES;
				CLANG_ENABLE_OBJC_ARC = YES;
				CLANG_ENABLE_OBJC_WEAK = YES;
				CLANG_WARN_BLOCK_CAPTURE_AUTORELEASING = YES;
				CLANG_WARN_BOOL_CONVERSION = YES;
				CLANG_WARN_COMMA = YES;
				CLANG_WARN_CONSTANT_CONVERSION = YES;
				CLANG_WARN_DEPRECATED_OBJC_IMPLEMENTATIONS = YES;
				CLANG_WARN_DIRECT_OBJC_ISA_USAGE = YES_ERROR;
				CLANG_WARN_DOCUMENTATION_COMMENTS = YES;
				CLANG_WARN_EMPTY_BODY = YES;
				CLANG_WARN_ENUM_CONVERSION = YES;
				CLANG_WARN_INFINITE_RECURSION = YES;
				CLANG_WARN_INT_CONVERSION = YES;
				CLANG_WARN_NON_LITERAL_NULL_CONVERSION = YES;
				CLANG_WARN_OBJC_IMPLICIT_RETAIN_SELF = YES;
				CLANG_WARN_OBJC_LITERAL_CONVERSION = YES;
				CLANG_WARN_OBJC_ROOT_CLASS = YES_ERROR;
				CLANG_WARN_QUOTED_INCLUDE_IN_FRAMEWORK_HEADER = YES;
				CLANG_WARN_RANGE_LOOP_ANALYSIS = YES;
				CLANG_WARN_STRICT_PROTOTYPES = YES;
				CLANG_WARN_SUSPICIOUS_MOVE = YES;
				CLANG_WARN_UNGUARDED_AVAILABILITY = YES_AGGRESSIVE;
				CLANG_WARN_UNREACHABLE_CODE = YES;
				CLANG_WARN__DUPLICATE_METHOD_MATCH = YES;
				COPY_PHASE_STRIP = NO;
				DEBUG_INFORMATION_FORMAT = dwarf;
				ENABLE_STRICT_OBJC_MSGSEND = YES;
				ENABLE_TESTABILITY = YES;
				ENABLE_USER_SCRIPT_SANDBOXING = YES;
				GCC_C_LANGUAGE_STANDARD = gnu17;
				GCC_DYNAMIC_NO_PIC = NO;
				GCC_NO_COMMON_BLOCKS = YES;
				GCC_OPTIMIZATION_LEVEL = 0;
				GCC_PREPROCESSOR_DEFINITIONS = (
					"DEBUG=1",
					"$(inherited)",
				);
				GCC_WARN_64_TO_32_BIT_CONVERSION = YES;
				GCC_WARN_ABOUT_RETURN_TYPE = YES_ERROR;
				GCC_WARN_UNDECLARED_SELECTOR = YES;
				GCC_WARN_UNINITIALIZED_AUTOS = YES_AGGRESSIVE;
				GCC_WARN_UNUSED_FUNCTION = YES;
				GCC_WARN_UNUSED_VARIABLE = YES;
				IPHONEOS_DEPLOYMENT_TARGET = 17.0;
				LOCALIZATION_PREFERS_STRING_CATALOGS = YES;
				MTL_ENABLE_DEBUG_INFO = INCLUDE_SOURCE;
				MTL_FAST_MATH = YES;
				ONLY_ACTIVE_ARCH = YES;
				SDKROOT = iphoneos;
				SWIFT_ACTIVE_COMPILATION_CONDITIONS = "DEBUG $(inherited)";
				SWIFT_OPTIMIZATION_LEVEL = "-Onone";
			};
			name = Debug;
		};
		372034C32B29E1BD00C4F955 /* Release */ = {
			isa = XCBuildConfiguration;
			buildSettings = {
				ALWAYS_SEARCH_USER_PATHS = NO;
				ASSETCATALOG_COMPILER_GENERATE_SWIFT_ASSET_SYMBOL_EXTENSIONS = YES;
				CLANG_ANALYZER_NONNULL = YES;
				CLANG_ANALYZER_NUMBER_OBJECT_CONVERSION = YES_AGGRESSIVE;
				CLANG_CXX_LANGUAGE_STANDARD = "gnu++20";
				CLANG_ENABLE_MODULES = YES;
				CLANG_ENABLE_OBJC_ARC = YES;
				CLANG_ENABLE_OBJC_WEAK = YES;
				CLANG_WARN_BLOCK_CAPTURE_AUTORELEASING = YES;
				CLANG_WARN_BOOL_CONVERSION = YES;
				CLANG_WARN_COMMA = YES;
				CLANG_WARN_CONSTANT_CONVERSION = YES;
				CLANG_WARN_DEPRECATED_OBJC_IMPLEMENTATIONS = YES;
				CLANG_WARN_DIRECT_OBJC_ISA_USAGE = YES_ERROR;
				CLANG_WARN_DOCUMENTATION_COMMENTS = YES;
				CLANG_WARN_EMPTY_BODY = YES;
				CLANG_WARN_ENUM_CONVERSION = YES;
				CLANG_WARN_INFINITE_RECURSION = YES;
				CLANG_WARN_INT_CONVERSION = YES;
				CLANG_WARN_NON_LITERAL_NULL_CONVERSION = YES;
				CLANG_WARN_OBJC_IMPLICIT_RETAIN_SELF = YES;
				CLANG_WARN_OBJC_LITERAL_CONVERSION = YES;
				CLANG_WARN_OBJC_ROOT_CLASS = YES_ERROR;
				CLANG_WARN_QUOTED_INCLUDE_IN_FRAMEWORK_HEADER = YES;
				CLANG_WARN_RANGE_LOOP_ANALYSIS = YES;
				CLANG_WARN_STRICT_PROTOTYPES = YES;
				CLANG_WARN_SUSPICIOUS_MOVE = YES;
				CLANG_WARN_UNGUARDED_AVAILABILITY = YES_AGGRESSIVE;
				CLANG_WARN_UNREACHABLE_CODE = YES;
				CLANG_WARN__DUPLICATE_METHOD_MATCH = YES;
				COPY_PHASE_STRIP = NO;
				DEBUG_INFORMATION_FORMAT = "dwarf-with-dsym";
				ENABLE_NS_ASSERTIONS = NO;
				ENABLE_STRICT_OBJC_MSGSEND = YES;
				ENABLE_USER_SCRIPT_SANDBOXING = YES;
				GCC_C_LANGUAGE_STANDARD = gnu17;
				GCC_NO_COMMON_BLOCKS = YES;
				GCC_WARN_64_TO_32_BIT_CONVERSION = YES;
				GCC_WARN_ABOUT_RETURN_TYPE = YES_ERROR;
				GCC_WARN_UNDECLARED_SELECTOR = YES;
				GCC_WARN_UNINITIALIZED_AUTOS = YES_AGGRESSIVE;
				GCC_WARN_UNUSED_FUNCTION = YES;
				GCC_WARN_UNUSED_VARIABLE = YES;
				IPHONEOS_DEPLOYMENT_TARGET = 17.0;
				LOCALIZATION_PREFERS_STRING_CATALOGS = YES;
				MTL_ENABLE_DEBUG_INFO = NO;
				MTL_FAST_MATH = YES;
				SDKROOT = iphoneos;
				SWIFT_COMPILATION_MODE = wholemodule;
				VALIDATE_PRODUCT = YES;
			};
			name = Release;
		};
		372034C52B29E1BD00C4F955 /* Debug */ = {
			isa = XCBuildConfiguration;
			buildSettings = {
				ASSETCATALOG_COMPILER_APPICON_NAME = AppIcon;
				ASSETCATALOG_COMPILER_GLOBAL_ACCENT_COLOR_NAME = AccentColor;
				CODE_SIGN_STYLE = Automatic;
				CURRENT_PROJECT_VERSION = 1;
				DEVELOPMENT_ASSET_PATHS = "\"macadamia/Preview Content\"";
				DEVELOPMENT_TEAM = AN6VRTK6TB;
				ENABLE_PREVIEWS = YES;
				GENERATE_INFOPLIST_FILE = YES;
				INFOPLIST_FILE = macadamia/Info.plist;
				INFOPLIST_KEY_CFBundleDisplayName = macadamia;
				INFOPLIST_KEY_LSApplicationCategoryType = "public.app-category.finance";
				INFOPLIST_KEY_NSCameraUsageDescription = "macadamia uses your device's camera to read the QR-codes of lightning invoices.";
				INFOPLIST_KEY_UIApplicationSceneManifest_Generation = YES;
				INFOPLIST_KEY_UIApplicationSupportsIndirectInputEvents = YES;
				INFOPLIST_KEY_UILaunchScreen_Generation = YES;
				INFOPLIST_KEY_UISupportedInterfaceOrientations = UIInterfaceOrientationPortrait;
				INFOPLIST_KEY_UISupportedInterfaceOrientations_iPad = "UIInterfaceOrientationLandscapeLeft UIInterfaceOrientationLandscapeRight UIInterfaceOrientationPortrait UIInterfaceOrientationPortraitUpsideDown";
				LD_RUNPATH_SEARCH_PATHS = (
					"$(inherited)",
					"@executable_path/Frameworks",
				);
				MARKETING_VERSION = 0.1.0;
				PRODUCT_BUNDLE_IDENTIFIER = com.zeugmaster.macadamia;
				PRODUCT_NAME = "$(TARGET_NAME)";
				SUPPORTED_PLATFORMS = "iphoneos iphonesimulator";
				SUPPORTS_MACCATALYST = NO;
				SUPPORTS_MAC_DESIGNED_FOR_IPHONE_IPAD = NO;
				SWIFT_EMIT_LOC_STRINGS = YES;
				SWIFT_VERSION = 5.0;
				TARGETED_DEVICE_FAMILY = 1;
			};
			name = Debug;
		};
		372034C62B29E1BD00C4F955 /* Release */ = {
			isa = XCBuildConfiguration;
			buildSettings = {
				ASSETCATALOG_COMPILER_APPICON_NAME = AppIcon;
				ASSETCATALOG_COMPILER_GLOBAL_ACCENT_COLOR_NAME = AccentColor;
				CODE_SIGN_STYLE = Automatic;
				CURRENT_PROJECT_VERSION = 1;
				DEVELOPMENT_ASSET_PATHS = "\"macadamia/Preview Content\"";
				DEVELOPMENT_TEAM = AN6VRTK6TB;
				ENABLE_PREVIEWS = YES;
				GENERATE_INFOPLIST_FILE = YES;
				INFOPLIST_FILE = macadamia/Info.plist;
				INFOPLIST_KEY_CFBundleDisplayName = macadamia;
				INFOPLIST_KEY_LSApplicationCategoryType = "public.app-category.finance";
				INFOPLIST_KEY_NSCameraUsageDescription = "macadamia uses your device's camera to read the QR-codes of lightning invoices.";
				INFOPLIST_KEY_UIApplicationSceneManifest_Generation = YES;
				INFOPLIST_KEY_UIApplicationSupportsIndirectInputEvents = YES;
				INFOPLIST_KEY_UILaunchScreen_Generation = YES;
				INFOPLIST_KEY_UISupportedInterfaceOrientations = UIInterfaceOrientationPortrait;
				INFOPLIST_KEY_UISupportedInterfaceOrientations_iPad = "UIInterfaceOrientationLandscapeLeft UIInterfaceOrientationLandscapeRight UIInterfaceOrientationPortrait UIInterfaceOrientationPortraitUpsideDown";
				LD_RUNPATH_SEARCH_PATHS = (
					"$(inherited)",
					"@executable_path/Frameworks",
				);
				MARKETING_VERSION = 0.1.0;
				PRODUCT_BUNDLE_IDENTIFIER = com.zeugmaster.macadamia;
				PRODUCT_NAME = "$(TARGET_NAME)";
				SUPPORTED_PLATFORMS = "iphoneos iphonesimulator";
				SUPPORTS_MACCATALYST = NO;
				SUPPORTS_MAC_DESIGNED_FOR_IPHONE_IPAD = NO;
				SWIFT_EMIT_LOC_STRINGS = YES;
				SWIFT_VERSION = 5.0;
				TARGETED_DEVICE_FAMILY = 1;
			};
			name = Release;
		};
/* End XCBuildConfiguration section */

/* Begin XCConfigurationList section */
		372034B12B29E1BC00C4F955 /* Build configuration list for PBXProject "macadamia" */ = {
			isa = XCConfigurationList;
			buildConfigurations = (
				372034C22B29E1BD00C4F955 /* Debug */,
				372034C32B29E1BD00C4F955 /* Release */,
			);
			defaultConfigurationIsVisible = 0;
			defaultConfigurationName = Release;
		};
		372034C42B29E1BD00C4F955 /* Build configuration list for PBXNativeTarget "macadamia" */ = {
			isa = XCConfigurationList;
			buildConfigurations = (
				372034C52B29E1BD00C4F955 /* Debug */,
				372034C62B29E1BD00C4F955 /* Release */,
			);
			defaultConfigurationIsVisible = 0;
			defaultConfigurationName = Release;
		};
/* End XCConfigurationList section */

/* Begin XCRemoteSwiftPackageReference section */
		3743CE5F2B48AD3900F862AB /* XCRemoteSwiftPackageReference "CodeScanner" */ = {
			isa = XCRemoteSwiftPackageReference;
			repositoryURL = "https://github.com/twostraws/CodeScanner.git";
			requirement = {
				kind = upToNextMajorVersion;
				minimumVersion = 2.3.3;
			};
		};
		3792122C2B29E7520081F161 /* XCRemoteSwiftPackageReference "Swift-BigInt" */ = {
			isa = XCRemoteSwiftPackageReference;
			repositoryURL = "https://github.com/mkrd/Swift-BigInt.git";
			requirement = {
				branch = master;
				kind = branch;
			};
		};
		3792122F2B29E7900081F161 /* XCRemoteSwiftPackageReference "BIP32" */ = {
			isa = XCRemoteSwiftPackageReference;
			repositoryURL = "https://github.com/anquii/BIP32";
			requirement = {
				branch = main;
				kind = branch;
			};
		};
		379212322B29E7B30081F161 /* XCRemoteSwiftPackageReference "BIP39" */ = {
			isa = XCRemoteSwiftPackageReference;
			repositoryURL = "https://github.com/pengpengliu/BIP39";
			requirement = {
				branch = master;
				kind = branch;
			};
		};
		379BDF572B421855008FD0E7 /* XCRemoteSwiftPackageReference "nostr-sdk-ios" */ = {
			isa = XCRemoteSwiftPackageReference;
			repositoryURL = "https://github.com/zeugmaster/nostr-sdk-ios.git";
			requirement = {
				branch = main;
				kind = branch;
			};
		};
/* End XCRemoteSwiftPackageReference section */

/* Begin XCSwiftPackageProductDependency section */
		3743CE602B48AD3900F862AB /* CodeScanner */ = {
			isa = XCSwiftPackageProductDependency;
			package = 3743CE5F2B48AD3900F862AB /* XCRemoteSwiftPackageReference "CodeScanner" */;
			productName = CodeScanner;
		};
		3792122D2B29E7520081F161 /* BigNumber */ = {
			isa = XCSwiftPackageProductDependency;
			package = 3792122C2B29E7520081F161 /* XCRemoteSwiftPackageReference "Swift-BigInt" */;
			productName = BigNumber;
		};
		379212302B29E7900081F161 /* BIP32 */ = {
			isa = XCSwiftPackageProductDependency;
			package = 3792122F2B29E7900081F161 /* XCRemoteSwiftPackageReference "BIP32" */;
			productName = BIP32;
		};
		379212332B29E7B30081F161 /* BIP39 */ = {
			isa = XCSwiftPackageProductDependency;
			package = 379212322B29E7B30081F161 /* XCRemoteSwiftPackageReference "BIP39" */;
			productName = BIP39;
		};
		379BDF582B421855008FD0E7 /* NostrSDK */ = {
			isa = XCSwiftPackageProductDependency;
			package = 379BDF572B421855008FD0E7 /* XCRemoteSwiftPackageReference "nostr-sdk-ios" */;
			productName = NostrSDK;
		};
/* End XCSwiftPackageProductDependency section */
	};
	rootObject = 372034AE2B29E1BC00C4F955 /* Project object */;
}
